// !$*UTF8*$!
{
	archiveVersion = 1;
	classes = {
	};
	objectVersion = 46;
	objects = {

/* Begin PBXBuildFile section */
		951203251F0F6E29009F4E4C /* XZGroupVC.m in Sources */ = {isa = PBXBuildFile; fileRef = 951203231F0F6E29009F4E4C /* XZGroupVC.m */; };
		951203261F0F6E29009F4E4C /* XZGroupVC.xib in Resources */ = {isa = PBXBuildFile; fileRef = 951203241F0F6E29009F4E4C /* XZGroupVC.xib */; };
		951203291F0F7154009F4E4C /* XZGroupDataView.m in Sources */ = {isa = PBXBuildFile; fileRef = 951203281F0F7154009F4E4C /* XZGroupDataView.m */; };
		9512032B1F0F7169009F4E4C /* XZGroupDataView.xib in Resources */ = {isa = PBXBuildFile; fileRef = 9512032A1F0F7169009F4E4C /* XZGroupDataView.xib */; };
		9512032E1F0F7225009F4E4C /* XZGroundDataView.m in Sources */ = {isa = PBXBuildFile; fileRef = 9512032D1F0F7225009F4E4C /* XZGroundDataView.m */; };
		951203301F0F723E009F4E4C /* XZGroundDataView.xib in Resources */ = {isa = PBXBuildFile; fileRef = 9512032F1F0F723E009F4E4C /* XZGroundDataView.xib */; };
		954C43441F15BDF8005152D1 /* ArcheryDataTable.m in Sources */ = {isa = PBXBuildFile; fileRef = 954C432C1F15BDF8005152D1 /* ArcheryDataTable.m */; };
		954C43461F15BDF8005152D1 /* ArcheryTable.m in Sources */ = {isa = PBXBuildFile; fileRef = 954C43301F15BDF8005152D1 /* ArcheryTable.m */; };
		954C434A1F15BDF8005152D1 /* UserDBManager+ArcheryDataTable.m in Sources */ = {isa = PBXBuildFile; fileRef = 954C43391F15BDF8005152D1 /* UserDBManager+ArcheryDataTable.m */; };
		954C434C1F15BDF8005152D1 /* UserDBManager+ArcheryTable.m in Sources */ = {isa = PBXBuildFile; fileRef = 954C433D1F15BDF8005152D1 /* UserDBManager+ArcheryTable.m */; };
		954C43521F15C5CD005152D1 /* ToolsFunction.m in Sources */ = {isa = PBXBuildFile; fileRef = 954C43511F15C5CD005152D1 /* ToolsFunction.m */; };
		95B726041F170A3800A08F77 /* ArcheryGroupNumTable.m in Sources */ = {isa = PBXBuildFile; fileRef = 95B725F51F170A3800A08F77 /* ArcheryGroupNumTable.m */; };
		95B726051F170A3800A08F77 /* ArcheryTypeTable.m in Sources */ = {isa = PBXBuildFile; fileRef = 95B725F71F170A3800A08F77 /* ArcheryTypeTable.m */; };
		95B726061F170A3800A08F77 /* DistanceTable.m in Sources */ = {isa = PBXBuildFile; fileRef = 95B725F91F170A3800A08F77 /* DistanceTable.m */; };
		95B726071F170A3800A08F77 /* LoopNumTable.m in Sources */ = {isa = PBXBuildFile; fileRef = 95B725FB1F170A3800A08F77 /* LoopNumTable.m */; };
		95B726081F170A3800A08F77 /* UserDBManager+ArcheryGroupNumTable.m in Sources */ = {isa = PBXBuildFile; fileRef = 95B725FD1F170A3800A08F77 /* UserDBManager+ArcheryGroupNumTable.m */; };
		95B726091F170A3800A08F77 /* UserDBManager+ArcheryTypeTable.m in Sources */ = {isa = PBXBuildFile; fileRef = 95B725FF1F170A3800A08F77 /* UserDBManager+ArcheryTypeTable.m */; };
		95B7260A1F170A3800A08F77 /* UserDBManager+DistanceTable.m in Sources */ = {isa = PBXBuildFile; fileRef = 95B726011F170A3800A08F77 /* UserDBManager+DistanceTable.m */; };
		95B7260B1F170A3800A08F77 /* UserDBManager+LoopNumTable.m in Sources */ = {isa = PBXBuildFile; fileRef = 95B726031F170A3800A08F77 /* UserDBManager+LoopNumTable.m */; };
		95B7260E1F170A8900A08F77 /* SaveDateTable.m in Sources */ = {isa = PBXBuildFile; fileRef = 95B7260D1F170A8900A08F77 /* SaveDateTable.m */; };
		95B726111F170AAD00A08F77 /* UserDBManager+SaveDateTable.m in Sources */ = {isa = PBXBuildFile; fileRef = 95B726101F170AAD00A08F77 /* UserDBManager+SaveDateTable.m */; };
		95BC54C41F149FEE00F8D3AD /* NSString+SQLPath.m in Sources */ = {isa = PBXBuildFile; fileRef = 95BC54BE1F149FEE00F8D3AD /* NSString+SQLPath.m */; };
		95BC54C51F149FEE00F8D3AD /* UIScreen+Extension.m in Sources */ = {isa = PBXBuildFile; fileRef = 95BC54C01F149FEE00F8D3AD /* UIScreen+Extension.m */; };
		95BC54CA1F14A04E00F8D3AD /* XZCustomPickerView.m in Sources */ = {isa = PBXBuildFile; fileRef = 95BC54C81F14A04E00F8D3AD /* XZCustomPickerView.m */; };
		95BC54CB1F14A04E00F8D3AD /* XZCustomPickerView.xib in Resources */ = {isa = PBXBuildFile; fileRef = 95BC54C91F14A04E00F8D3AD /* XZCustomPickerView.xib */; };
		95BC54E01F14A85400F8D3AD /* XZCustomActionSheetView.m in Sources */ = {isa = PBXBuildFile; fileRef = 95BC54DF1F14A85400F8D3AD /* XZCustomActionSheetView.m */; };
		95BC54E51F14AB8C00F8D3AD /* UIImage+XZResize.m in Sources */ = {isa = PBXBuildFile; fileRef = 95BC54E21F14AB8C00F8D3AD /* UIImage+XZResize.m */; };
		95BC54E61F14AB8C00F8D3AD /* UIImage+XZUtils.m in Sources */ = {isa = PBXBuildFile; fileRef = 95BC54E41F14AB8C00F8D3AD /* UIImage+XZUtils.m */; };
		95BC54EA1F14B03F00F8D3AD /* PickerViewObject.m in Sources */ = {isa = PBXBuildFile; fileRef = 95BC54E91F14B03F00F8D3AD /* PickerViewObject.m */; };
		95BC551F1F14D54200F8D3AD /* XZCusomViewModel.m in Sources */ = {isa = PBXBuildFile; fileRef = 95BC55171F14D54200F8D3AD /* XZCusomViewModel.m */; };
		95BC55201F14D54200F8D3AD /* XZCustomViewManager.m in Sources */ = {isa = PBXBuildFile; fileRef = 95BC55191F14D54200F8D3AD /* XZCustomViewManager.m */; };
		95BC55211F14D54200F8D3AD /* XZCustomWindowManager.m in Sources */ = {isa = PBXBuildFile; fileRef = 95BC551B1F14D54200F8D3AD /* XZCustomWindowManager.m */; };
		95BC55221F14D54200F8D3AD /* XZUIManager.m in Sources */ = {isa = PBXBuildFile; fileRef = 95BC551E1F14D54200F8D3AD /* XZUIManager.m */; };
		95BC552C1F14EC1B00F8D3AD /* SQLServerManager.m in Sources */ = {isa = PBXBuildFile; fileRef = 95BC552B1F14EC1B00F8D3AD /* SQLServerManager.m */; };
		C04F30121F0E850300DCBC2B /* libsqlite3.0.tbd in Frameworks */ = {isa = PBXBuildFile; fileRef = C04F30111F0E850300DCBC2B /* libsqlite3.0.tbd */; };
		C0A7AA321F0BC3A200ED1444 /* main.m in Sources */ = {isa = PBXBuildFile; fileRef = C0A7AA311F0BC3A200ED1444 /* main.m */; };
		C0A7AA351F0BC3A200ED1444 /* AppDelegate.m in Sources */ = {isa = PBXBuildFile; fileRef = C0A7AA341F0BC3A200ED1444 /* AppDelegate.m */; };
		C0A7AA381F0BC3A200ED1444 /* ViewController.m in Sources */ = {isa = PBXBuildFile; fileRef = C0A7AA371F0BC3A200ED1444 /* ViewController.m */; };
		C0A7AA3B1F0BC3A200ED1444 /* Main.storyboard in Resources */ = {isa = PBXBuildFile; fileRef = C0A7AA391F0BC3A200ED1444 /* Main.storyboard */; };
		C0A7AA3D1F0BC3A200ED1444 /* Assets.xcassets in Resources */ = {isa = PBXBuildFile; fileRef = C0A7AA3C1F0BC3A200ED1444 /* Assets.xcassets */; };
		C0A7AA401F0BC3A200ED1444 /* LaunchScreen.storyboard in Resources */ = {isa = PBXBuildFile; fileRef = C0A7AA3E1F0BC3A200ED1444 /* LaunchScreen.storyboard */; };
		C0A7AA4B1F0BC3A200ED1444 /* XZArcheryBookTests.m in Sources */ = {isa = PBXBuildFile; fileRef = C0A7AA4A1F0BC3A200ED1444 /* XZArcheryBookTests.m */; };
		C0A7AA561F0BC3A200ED1444 /* XZArcheryBookUITests.m in Sources */ = {isa = PBXBuildFile; fileRef = C0A7AA551F0BC3A200ED1444 /* XZArcheryBookUITests.m */; };
		C0A7AA661F0BC9C500ED1444 /* XZHomeVC.m in Sources */ = {isa = PBXBuildFile; fileRef = C0A7AA641F0BC9C500ED1444 /* XZHomeVC.m */; };
		C0A7AA671F0BC9C500ED1444 /* XZHomeVC.xib in Resources */ = {isa = PBXBuildFile; fileRef = C0A7AA651F0BC9C500ED1444 /* XZHomeVC.xib */; };
		C0C3F3AD1F0E797200820BB7 /* XZDateView.m in Sources */ = {isa = PBXBuildFile; fileRef = C0C3F39C1F0E797200820BB7 /* XZDateView.m */; };
		C0C3F3AE1F0E797200820BB7 /* XZDateView.xib in Resources */ = {isa = PBXBuildFile; fileRef = C0C3F39D1F0E797200820BB7 /* XZDateView.xib */; };
		C0C3F3AF1F0E797200820BB7 /* XZGroundNumView.m in Sources */ = {isa = PBXBuildFile; fileRef = C0C3F39F1F0E797200820BB7 /* XZGroundNumView.m */; };
		C0C3F3B01F0E797200820BB7 /* XZGroundNumView.xib in Resources */ = {isa = PBXBuildFile; fileRef = C0C3F3A01F0E797200820BB7 /* XZGroundNumView.xib */; };
		C0C3F3B11F0E797200820BB7 /* XZGroundView.m in Sources */ = {isa = PBXBuildFile; fileRef = C0C3F3A21F0E797200820BB7 /* XZGroundView.m */; };
		C0C3F3B21F0E797200820BB7 /* XZGroundView.xib in Resources */ = {isa = PBXBuildFile; fileRef = C0C3F3A31F0E797200820BB7 /* XZGroundView.xib */; };
		C0C3F3B31F0E797200820BB7 /* XZGroupView.m in Sources */ = {isa = PBXBuildFile; fileRef = C0C3F3A51F0E797200820BB7 /* XZGroupView.m */; };
		C0C3F3B41F0E797200820BB7 /* XZGroupView.xib in Resources */ = {isa = PBXBuildFile; fileRef = C0C3F3A61F0E797200820BB7 /* XZGroupView.xib */; };
		C0C3F3B51F0E797200820BB7 /* XZHeaderView.m in Sources */ = {isa = PBXBuildFile; fileRef = C0C3F3A81F0E797200820BB7 /* XZHeaderView.m */; };
		C0C3F3B61F0E797200820BB7 /* XZHeaderView.xib in Resources */ = {isa = PBXBuildFile; fileRef = C0C3F3A91F0E797200820BB7 /* XZHeaderView.xib */; };
		C0C3F3B71F0E797200820BB7 /* XZTrainNotes.m in Sources */ = {isa = PBXBuildFile; fileRef = C0C3F3AB1F0E797200820BB7 /* XZTrainNotes.m */; };
		C0C3F3B81F0E797200820BB7 /* XZTrainNotes.xib in Resources */ = {isa = PBXBuildFile; fileRef = C0C3F3AC1F0E797200820BB7 /* XZTrainNotes.xib */; };
		C0C3F3BC1F0E79C900820BB7 /* XZHomeView.m in Sources */ = {isa = PBXBuildFile; fileRef = C0C3F3BB1F0E79C900820BB7 /* XZHomeView.m */; };
		C0C3F3C01F0E825A00820BB7 /* XZArcheryModel.m in Sources */ = {isa = PBXBuildFile; fileRef = C0C3F3BF1F0E825A00820BB7 /* XZArcheryModel.m */; };
		C0C3F3F21F0E82BC00820BB7 /* NSData-SQLitePersistence.m in Sources */ = {isa = PBXBuildFile; fileRef = C0C3F3CC1F0E82BC00820BB7 /* NSData-SQLitePersistence.m */; settings = {COMPILER_FLAGS = "-fno-objc-arc"; }; };
		C0C3F3F31F0E82BC00820BB7 /* NSDate-SQLitePersistence.m in Sources */ = {isa = PBXBuildFile; fileRef = C0C3F3CE1F0E82BC00820BB7 /* NSDate-SQLitePersistence.m */; settings = {COMPILER_FLAGS = "-fno-objc-arc"; }; };
		C0C3F3F41F0E82BC00820BB7 /* NSMutableArray-MultipleSort.m in Sources */ = {isa = PBXBuildFile; fileRef = C0C3F3D01F0E82BC00820BB7 /* NSMutableArray-MultipleSort.m */; settings = {COMPILER_FLAGS = "-fno-objc-arc"; }; };
		C0C3F3F51F0E82BC00820BB7 /* NSMutableData-SQLitePersistence.m in Sources */ = {isa = PBXBuildFile; fileRef = C0C3F3D21F0E82BC00820BB7 /* NSMutableData-SQLitePersistence.m */; settings = {COMPILER_FLAGS = "-fno-objc-arc"; }; };
		C0C3F3F61F0E82BC00820BB7 /* NSNumber-SQLitePersistence.m in Sources */ = {isa = PBXBuildFile; fileRef = C0C3F3D41F0E82BC00820BB7 /* NSNumber-SQLitePersistence.m */; settings = {COMPILER_FLAGS = "-fno-objc-arc"; }; };
		C0C3F3F71F0E82BC00820BB7 /* NSObject-ClassName.m in Sources */ = {isa = PBXBuildFile; fileRef = C0C3F3D61F0E82BC00820BB7 /* NSObject-ClassName.m */; settings = {COMPILER_FLAGS = "-fno-objc-arc"; }; };
		C0C3F3F81F0E82BC00820BB7 /* NSObject-MissingKV.m in Sources */ = {isa = PBXBuildFile; fileRef = C0C3F3D81F0E82BC00820BB7 /* NSObject-MissingKV.m */; settings = {COMPILER_FLAGS = "-fno-objc-arc"; }; };
		C0C3F3F91F0E82BC00820BB7 /* NSObject-SQLitePersistence.m in Sources */ = {isa = PBXBuildFile; fileRef = C0C3F3DA1F0E82BC00820BB7 /* NSObject-SQLitePersistence.m */; settings = {COMPILER_FLAGS = "-fno-objc-arc"; }; };
		C0C3F3FA1F0E82BC00820BB7 /* NSString-NumberStuff.m in Sources */ = {isa = PBXBuildFile; fileRef = C0C3F3DC1F0E82BC00820BB7 /* NSString-NumberStuff.m */; settings = {COMPILER_FLAGS = "-fno-objc-arc"; }; };
		C0C3F3FB1F0E82BC00820BB7 /* NSString-SQLiteColumnName.m in Sources */ = {isa = PBXBuildFile; fileRef = C0C3F3DE1F0E82BC00820BB7 /* NSString-SQLiteColumnName.m */; settings = {COMPILER_FLAGS = "-fno-objc-arc"; }; };
		C0C3F3FC1F0E82BC00820BB7 /* NSString-SQLitePersistence.m in Sources */ = {isa = PBXBuildFile; fileRef = C0C3F3E01F0E82BC00820BB7 /* NSString-SQLitePersistence.m */; settings = {COMPILER_FLAGS = "-fno-objc-arc"; }; };
		C0C3F3FD1F0E82BC00820BB7 /* NSString-UppercaseFirst.m in Sources */ = {isa = PBXBuildFile; fileRef = C0C3F3E21F0E82BC00820BB7 /* NSString-UppercaseFirst.m */; settings = {COMPILER_FLAGS = "-fno-objc-arc"; }; };
		C0C3F3FE1F0E82BC00820BB7 /* SQLiteInstanceManager.m in Sources */ = {isa = PBXBuildFile; fileRef = C0C3F3E41F0E82BC00820BB7 /* SQLiteInstanceManager.m */; settings = {COMPILER_FLAGS = "-fno-objc-arc"; }; };
		C0C3F3FF1F0E82BC00820BB7 /* SQLitePersistentObject.m in Sources */ = {isa = PBXBuildFile; fileRef = C0C3F3E61F0E82BC00820BB7 /* SQLitePersistentObject.m */; settings = {COMPILER_FLAGS = "-fno-objc-arc"; }; };
		C0C3F4001F0E82BC00820BB7 /* UIColor-SQLitePersistentObject.m in Sources */ = {isa = PBXBuildFile; fileRef = C0C3F3E81F0E82BC00820BB7 /* UIColor-SQLitePersistentObject.m */; settings = {COMPILER_FLAGS = "-fno-objc-arc"; }; };
		C0C3F4011F0E82BC00820BB7 /* UIImage-SQLitePersistence.m in Sources */ = {isa = PBXBuildFile; fileRef = C0C3F3EA1F0E82BC00820BB7 /* UIImage-SQLitePersistence.m */; settings = {COMPILER_FLAGS = "-fno-objc-arc"; }; };
		C0C3F4081F0E833000820BB7 /* UserDBManager.m in Sources */ = {isa = PBXBuildFile; fileRef = C0C3F4051F0E833000820BB7 /* UserDBManager.m */; };
		C0C3F4091F0E833000820BB7 /* UserPersistentObject.m in Sources */ = {isa = PBXBuildFile; fileRef = C0C3F4071F0E833000820BB7 /* UserPersistentObject.m */; settings = {COMPILER_FLAGS = "-fno-objc-arc"; }; };
		E407BD731F17945F00D38CB0 /* TargetViewHelper.swift in Sources */ = {isa = PBXBuildFile; fileRef = E407BD721F17945F00D38CB0 /* TargetViewHelper.swift */; };
		E488533D1F1B3C3E00A32E16 /* ScoreLabelLayoutHelper.swift in Sources */ = {isa = PBXBuildFile; fileRef = E488533C1F1B3C3E00A32E16 /* ScoreLabelLayoutHelper.swift */; };
		E4B5F5E61F14CA6100F6D752 /* TargetView.swift in Sources */ = {isa = PBXBuildFile; fileRef = E4B5F5E51F14CA6100F6D752 /* TargetView.swift */; };
		E4B5F5EA1F14CC5D00F6D752 /* TargetViewController.swift in Sources */ = {isa = PBXBuildFile; fileRef = E4B5F5E91F14CC5D00F6D752 /* TargetViewController.swift */; };
		E4B5F5ED1F14D22000F6D752 /* UIViewExtensions.swift in Sources */ = {isa = PBXBuildFile; fileRef = E4B5F5EC1F14D22000F6D752 /* UIViewExtensions.swift */; };
		E4BB3D901F19D9EA00574EEB /* ToolbarLayoutHelper.swift in Sources */ = {isa = PBXBuildFile; fileRef = E4BB3D8F1F19D9EA00574EEB /* ToolbarLayoutHelper.swift */; };
		E4BB3D921F19F1BC00574EEB /* ScoreButtonLayoutHelper.swift in Sources */ = {isa = PBXBuildFile; fileRef = E4BB3D911F19F1BC00574EEB /* ScoreButtonLayoutHelper.swift */; };
		E4DE02601F1B551300E95154 /* Utilities.swift in Sources */ = {isa = PBXBuildFile; fileRef = E4DE025F1F1B551300E95154 /* Utilities.swift */; };
		E4F6617B1F1A132100F50B90 /* TargetMark.swift in Sources */ = {isa = PBXBuildFile; fileRef = E4F6617A1F1A132100F50B90 /* TargetMark.swift */; };
		E4F6617D1F1A138200F50B90 /* TargetMarkPosition.swift in Sources */ = {isa = PBXBuildFile; fileRef = E4F6617C1F1A138200F50B90 /* TargetMarkPosition.swift */; };
		E4F6617F1F1A177D00F50B90 /* CoreGraphicsExtensions.swift in Sources */ = {isa = PBXBuildFile; fileRef = E4F6617E1F1A177D00F50B90 /* CoreGraphicsExtensions.swift */; };
		F0C7435FCF9380A23E428AB6 /* libPods-XZArcheryBook.a in Frameworks */ = {isa = PBXBuildFile; fileRef = 6BC1630348BD2C9AE8E73AD5 /* libPods-XZArcheryBook.a */; };
/* End PBXBuildFile section */

/* Begin PBXContainerItemProxy section */
		C0A7AA471F0BC3A200ED1444 /* PBXContainerItemProxy */ = {
			isa = PBXContainerItemProxy;
			containerPortal = C0A7AA251F0BC3A200ED1444 /* Project object */;
			proxyType = 1;
			remoteGlobalIDString = C0A7AA2C1F0BC3A200ED1444;
			remoteInfo = XZArcheryBook;
		};
		C0A7AA521F0BC3A200ED1444 /* PBXContainerItemProxy */ = {
			isa = PBXContainerItemProxy;
			containerPortal = C0A7AA251F0BC3A200ED1444 /* Project object */;
			proxyType = 1;
			remoteGlobalIDString = C0A7AA2C1F0BC3A200ED1444;
			remoteInfo = XZArcheryBook;
		};
/* End PBXContainerItemProxy section */

/* Begin PBXFileReference section */
		085BFB28FC0445ACCC29F8F5 /* Pods-XZArcheryBook.debug.xcconfig */ = {isa = PBXFileReference; includeInIndex = 1; lastKnownFileType = text.xcconfig; name = "Pods-XZArcheryBook.debug.xcconfig"; path = "Pods/Target Support Files/Pods-XZArcheryBook/Pods-XZArcheryBook.debug.xcconfig"; sourceTree = "<group>"; };
		6BC1630348BD2C9AE8E73AD5 /* libPods-XZArcheryBook.a */ = {isa = PBXFileReference; explicitFileType = archive.ar; includeInIndex = 0; path = "libPods-XZArcheryBook.a"; sourceTree = BUILT_PRODUCTS_DIR; };
		951203221F0F6E29009F4E4C /* XZGroupVC.h */ = {isa = PBXFileReference; fileEncoding = 4; lastKnownFileType = sourcecode.c.h; path = XZGroupVC.h; sourceTree = "<group>"; };
		951203231F0F6E29009F4E4C /* XZGroupVC.m */ = {isa = PBXFileReference; fileEncoding = 4; lastKnownFileType = sourcecode.c.objc; path = XZGroupVC.m; sourceTree = "<group>"; };
		951203241F0F6E29009F4E4C /* XZGroupVC.xib */ = {isa = PBXFileReference; fileEncoding = 4; lastKnownFileType = file.xib; path = XZGroupVC.xib; sourceTree = "<group>"; };
		951203271F0F7154009F4E4C /* XZGroupDataView.h */ = {isa = PBXFileReference; fileEncoding = 4; lastKnownFileType = sourcecode.c.h; path = XZGroupDataView.h; sourceTree = "<group>"; };
		951203281F0F7154009F4E4C /* XZGroupDataView.m */ = {isa = PBXFileReference; fileEncoding = 4; lastKnownFileType = sourcecode.c.objc; path = XZGroupDataView.m; sourceTree = "<group>"; };
		9512032A1F0F7169009F4E4C /* XZGroupDataView.xib */ = {isa = PBXFileReference; fileEncoding = 4; lastKnownFileType = file.xib; path = XZGroupDataView.xib; sourceTree = "<group>"; };
		9512032C1F0F7225009F4E4C /* XZGroundDataView.h */ = {isa = PBXFileReference; fileEncoding = 4; lastKnownFileType = sourcecode.c.h; path = XZGroundDataView.h; sourceTree = "<group>"; };
		9512032D1F0F7225009F4E4C /* XZGroundDataView.m */ = {isa = PBXFileReference; fileEncoding = 4; lastKnownFileType = sourcecode.c.objc; path = XZGroundDataView.m; sourceTree = "<group>"; };
		9512032F1F0F723E009F4E4C /* XZGroundDataView.xib */ = {isa = PBXFileReference; fileEncoding = 4; lastKnownFileType = file.xib; path = XZGroundDataView.xib; sourceTree = "<group>"; };
		954C432B1F15BDF8005152D1 /* ArcheryDataTable.h */ = {isa = PBXFileReference; fileEncoding = 4; lastKnownFileType = sourcecode.c.h; path = ArcheryDataTable.h; sourceTree = "<group>"; };
		954C432C1F15BDF8005152D1 /* ArcheryDataTable.m */ = {isa = PBXFileReference; fileEncoding = 4; lastKnownFileType = sourcecode.c.objc; path = ArcheryDataTable.m; sourceTree = "<group>"; };
		954C432F1F15BDF8005152D1 /* ArcheryTable.h */ = {isa = PBXFileReference; fileEncoding = 4; lastKnownFileType = sourcecode.c.h; path = ArcheryTable.h; sourceTree = "<group>"; };
		954C43301F15BDF8005152D1 /* ArcheryTable.m */ = {isa = PBXFileReference; fileEncoding = 4; lastKnownFileType = sourcecode.c.objc; path = ArcheryTable.m; sourceTree = "<group>"; };
		954C43331F15BDF8005152D1 /* DBTableHeader.h */ = {isa = PBXFileReference; fileEncoding = 4; lastKnownFileType = sourcecode.c.h; path = DBTableHeader.h; sourceTree = "<group>"; };
		954C43381F15BDF8005152D1 /* UserDBManager+ArcheryDataTable.h */ = {isa = PBXFileReference; fileEncoding = 4; lastKnownFileType = sourcecode.c.h; path = "UserDBManager+ArcheryDataTable.h"; sourceTree = "<group>"; };
		954C43391F15BDF8005152D1 /* UserDBManager+ArcheryDataTable.m */ = {isa = PBXFileReference; fileEncoding = 4; lastKnownFileType = sourcecode.c.objc; path = "UserDBManager+ArcheryDataTable.m"; sourceTree = "<group>"; };
		954C433C1F15BDF8005152D1 /* UserDBManager+ArcheryTable.h */ = {isa = PBXFileReference; fileEncoding = 4; lastKnownFileType = sourcecode.c.h; path = "UserDBManager+ArcheryTable.h"; sourceTree = "<group>"; };
		954C433D1F15BDF8005152D1 /* UserDBManager+ArcheryTable.m */ = {isa = PBXFileReference; fileEncoding = 4; lastKnownFileType = sourcecode.c.objc; path = "UserDBManager+ArcheryTable.m"; sourceTree = "<group>"; };
		954C43501F15C5CD005152D1 /* ToolsFunction.h */ = {isa = PBXFileReference; fileEncoding = 4; lastKnownFileType = sourcecode.c.h; path = ToolsFunction.h; sourceTree = "<group>"; };
		954C43511F15C5CD005152D1 /* ToolsFunction.m */ = {isa = PBXFileReference; fileEncoding = 4; lastKnownFileType = sourcecode.c.objc; path = ToolsFunction.m; sourceTree = "<group>"; };
		95B725F41F170A3800A08F77 /* ArcheryGroupNumTable.h */ = {isa = PBXFileReference; fileEncoding = 4; lastKnownFileType = sourcecode.c.h; path = ArcheryGroupNumTable.h; sourceTree = "<group>"; };
		95B725F51F170A3800A08F77 /* ArcheryGroupNumTable.m */ = {isa = PBXFileReference; fileEncoding = 4; lastKnownFileType = sourcecode.c.objc; path = ArcheryGroupNumTable.m; sourceTree = "<group>"; };
		95B725F61F170A3800A08F77 /* ArcheryTypeTable.h */ = {isa = PBXFileReference; fileEncoding = 4; lastKnownFileType = sourcecode.c.h; path = ArcheryTypeTable.h; sourceTree = "<group>"; };
		95B725F71F170A3800A08F77 /* ArcheryTypeTable.m */ = {isa = PBXFileReference; fileEncoding = 4; lastKnownFileType = sourcecode.c.objc; path = ArcheryTypeTable.m; sourceTree = "<group>"; };
		95B725F81F170A3800A08F77 /* DistanceTable.h */ = {isa = PBXFileReference; fileEncoding = 4; lastKnownFileType = sourcecode.c.h; path = DistanceTable.h; sourceTree = "<group>"; };
		95B725F91F170A3800A08F77 /* DistanceTable.m */ = {isa = PBXFileReference; fileEncoding = 4; lastKnownFileType = sourcecode.c.objc; path = DistanceTable.m; sourceTree = "<group>"; };
		95B725FA1F170A3800A08F77 /* LoopNumTable.h */ = {isa = PBXFileReference; fileEncoding = 4; lastKnownFileType = sourcecode.c.h; path = LoopNumTable.h; sourceTree = "<group>"; };
		95B725FB1F170A3800A08F77 /* LoopNumTable.m */ = {isa = PBXFileReference; fileEncoding = 4; lastKnownFileType = sourcecode.c.objc; path = LoopNumTable.m; sourceTree = "<group>"; };
		95B725FC1F170A3800A08F77 /* UserDBManager+ArcheryGroupNumTable.h */ = {isa = PBXFileReference; fileEncoding = 4; lastKnownFileType = sourcecode.c.h; path = "UserDBManager+ArcheryGroupNumTable.h"; sourceTree = "<group>"; };
		95B725FD1F170A3800A08F77 /* UserDBManager+ArcheryGroupNumTable.m */ = {isa = PBXFileReference; fileEncoding = 4; lastKnownFileType = sourcecode.c.objc; path = "UserDBManager+ArcheryGroupNumTable.m"; sourceTree = "<group>"; };
		95B725FE1F170A3800A08F77 /* UserDBManager+ArcheryTypeTable.h */ = {isa = PBXFileReference; fileEncoding = 4; lastKnownFileType = sourcecode.c.h; path = "UserDBManager+ArcheryTypeTable.h"; sourceTree = "<group>"; };
		95B725FF1F170A3800A08F77 /* UserDBManager+ArcheryTypeTable.m */ = {isa = PBXFileReference; fileEncoding = 4; lastKnownFileType = sourcecode.c.objc; path = "UserDBManager+ArcheryTypeTable.m"; sourceTree = "<group>"; };
		95B726001F170A3800A08F77 /* UserDBManager+DistanceTable.h */ = {isa = PBXFileReference; fileEncoding = 4; lastKnownFileType = sourcecode.c.h; path = "UserDBManager+DistanceTable.h"; sourceTree = "<group>"; };
		95B726011F170A3800A08F77 /* UserDBManager+DistanceTable.m */ = {isa = PBXFileReference; fileEncoding = 4; lastKnownFileType = sourcecode.c.objc; path = "UserDBManager+DistanceTable.m"; sourceTree = "<group>"; };
		95B726021F170A3800A08F77 /* UserDBManager+LoopNumTable.h */ = {isa = PBXFileReference; fileEncoding = 4; lastKnownFileType = sourcecode.c.h; path = "UserDBManager+LoopNumTable.h"; sourceTree = "<group>"; };
		95B726031F170A3800A08F77 /* UserDBManager+LoopNumTable.m */ = {isa = PBXFileReference; fileEncoding = 4; lastKnownFileType = sourcecode.c.objc; path = "UserDBManager+LoopNumTable.m"; sourceTree = "<group>"; };
		95B7260C1F170A8900A08F77 /* SaveDateTable.h */ = {isa = PBXFileReference; fileEncoding = 4; lastKnownFileType = sourcecode.c.h; path = SaveDateTable.h; sourceTree = "<group>"; };
		95B7260D1F170A8900A08F77 /* SaveDateTable.m */ = {isa = PBXFileReference; fileEncoding = 4; lastKnownFileType = sourcecode.c.objc; path = SaveDateTable.m; sourceTree = "<group>"; };
		95B7260F1F170AAD00A08F77 /* UserDBManager+SaveDateTable.h */ = {isa = PBXFileReference; fileEncoding = 4; lastKnownFileType = sourcecode.c.h; path = "UserDBManager+SaveDateTable.h"; sourceTree = "<group>"; };
		95B726101F170AAD00A08F77 /* UserDBManager+SaveDateTable.m */ = {isa = PBXFileReference; fileEncoding = 4; lastKnownFileType = sourcecode.c.objc; path = "UserDBManager+SaveDateTable.m"; sourceTree = "<group>"; };
		95BC54BD1F149FEE00F8D3AD /* NSString+SQLPath.h */ = {isa = PBXFileReference; fileEncoding = 4; lastKnownFileType = sourcecode.c.h; path = "NSString+SQLPath.h"; sourceTree = "<group>"; };
		95BC54BE1F149FEE00F8D3AD /* NSString+SQLPath.m */ = {isa = PBXFileReference; fileEncoding = 4; lastKnownFileType = sourcecode.c.objc; path = "NSString+SQLPath.m"; sourceTree = "<group>"; };
		95BC54BF1F149FEE00F8D3AD /* UIScreen+Extension.h */ = {isa = PBXFileReference; fileEncoding = 4; lastKnownFileType = sourcecode.c.h; path = "UIScreen+Extension.h"; sourceTree = "<group>"; };
		95BC54C01F149FEE00F8D3AD /* UIScreen+Extension.m */ = {isa = PBXFileReference; fileEncoding = 4; lastKnownFileType = sourcecode.c.objc; path = "UIScreen+Extension.m"; sourceTree = "<group>"; };
		95BC54C21F149FEE00F8D3AD /* XZMacro.h */ = {isa = PBXFileReference; fileEncoding = 4; lastKnownFileType = sourcecode.c.h; path = XZMacro.h; sourceTree = "<group>"; };
		95BC54C31F149FEE00F8D3AD /* XZToolHeader.h */ = {isa = PBXFileReference; fileEncoding = 4; lastKnownFileType = sourcecode.c.h; path = XZToolHeader.h; sourceTree = "<group>"; };
		95BC54C71F14A04E00F8D3AD /* XZCustomPickerView.h */ = {isa = PBXFileReference; fileEncoding = 4; lastKnownFileType = sourcecode.c.h; path = XZCustomPickerView.h; sourceTree = "<group>"; };
		95BC54C81F14A04E00F8D3AD /* XZCustomPickerView.m */ = {isa = PBXFileReference; fileEncoding = 4; lastKnownFileType = sourcecode.c.objc; path = XZCustomPickerView.m; sourceTree = "<group>"; };
		95BC54C91F14A04E00F8D3AD /* XZCustomPickerView.xib */ = {isa = PBXFileReference; fileEncoding = 4; lastKnownFileType = file.xib; path = XZCustomPickerView.xib; sourceTree = "<group>"; };
		95BC54D01F14A54600F8D3AD /* Singleton.h */ = {isa = PBXFileReference; lastKnownFileType = sourcecode.c.h; path = Singleton.h; sourceTree = "<group>"; };
		95BC54D11F14A5E100F8D3AD /* XZArchery-PrefixHeader.pch */ = {isa = PBXFileReference; lastKnownFileType = sourcecode.c.h; path = "XZArchery-PrefixHeader.pch"; sourceTree = "<group>"; };
		95BC54DE1F14A85400F8D3AD /* XZCustomActionSheetView.h */ = {isa = PBXFileReference; fileEncoding = 4; lastKnownFileType = sourcecode.c.h; path = XZCustomActionSheetView.h; sourceTree = "<group>"; };
		95BC54DF1F14A85400F8D3AD /* XZCustomActionSheetView.m */ = {isa = PBXFileReference; fileEncoding = 4; lastKnownFileType = sourcecode.c.objc; path = XZCustomActionSheetView.m; sourceTree = "<group>"; };
		95BC54E11F14AB8C00F8D3AD /* UIImage+XZResize.h */ = {isa = PBXFileReference; fileEncoding = 4; lastKnownFileType = sourcecode.c.h; path = "UIImage+XZResize.h"; sourceTree = "<group>"; };
		95BC54E21F14AB8C00F8D3AD /* UIImage+XZResize.m */ = {isa = PBXFileReference; fileEncoding = 4; lastKnownFileType = sourcecode.c.objc; path = "UIImage+XZResize.m"; sourceTree = "<group>"; };
		95BC54E31F14AB8C00F8D3AD /* UIImage+XZUtils.h */ = {isa = PBXFileReference; fileEncoding = 4; lastKnownFileType = sourcecode.c.h; path = "UIImage+XZUtils.h"; sourceTree = "<group>"; };
		95BC54E41F14AB8C00F8D3AD /* UIImage+XZUtils.m */ = {isa = PBXFileReference; fileEncoding = 4; lastKnownFileType = sourcecode.c.objc; path = "UIImage+XZUtils.m"; sourceTree = "<group>"; };
		95BC54E81F14B03F00F8D3AD /* PickerViewObject.h */ = {isa = PBXFileReference; fileEncoding = 4; lastKnownFileType = sourcecode.c.h; path = PickerViewObject.h; sourceTree = "<group>"; };
		95BC54E91F14B03F00F8D3AD /* PickerViewObject.m */ = {isa = PBXFileReference; fileEncoding = 4; lastKnownFileType = sourcecode.c.objc; path = PickerViewObject.m; sourceTree = "<group>"; };
		95BC55131F14C71400F8D3AD /* HQStaticInlineFunctionConst.h */ = {isa = PBXFileReference; fileEncoding = 4; lastKnownFileType = sourcecode.c.h; path = HQStaticInlineFunctionConst.h; sourceTree = "<group>"; };
		95BC55161F14D54200F8D3AD /* XZCusomViewModel.h */ = {isa = PBXFileReference; fileEncoding = 4; lastKnownFileType = sourcecode.c.h; path = XZCusomViewModel.h; sourceTree = "<group>"; };
		95BC55171F14D54200F8D3AD /* XZCusomViewModel.m */ = {isa = PBXFileReference; fileEncoding = 4; lastKnownFileType = sourcecode.c.objc; path = XZCusomViewModel.m; sourceTree = "<group>"; };
		95BC55181F14D54200F8D3AD /* XZCustomViewManager.h */ = {isa = PBXFileReference; fileEncoding = 4; lastKnownFileType = sourcecode.c.h; path = XZCustomViewManager.h; sourceTree = "<group>"; };
		95BC55191F14D54200F8D3AD /* XZCustomViewManager.m */ = {isa = PBXFileReference; fileEncoding = 4; lastKnownFileType = sourcecode.c.objc; path = XZCustomViewManager.m; sourceTree = "<group>"; };
		95BC551A1F14D54200F8D3AD /* XZCustomWindowManager.h */ = {isa = PBXFileReference; fileEncoding = 4; lastKnownFileType = sourcecode.c.h; path = XZCustomWindowManager.h; sourceTree = "<group>"; };
		95BC551B1F14D54200F8D3AD /* XZCustomWindowManager.m */ = {isa = PBXFileReference; fileEncoding = 4; lastKnownFileType = sourcecode.c.objc; path = XZCustomWindowManager.m; sourceTree = "<group>"; };
		95BC551D1F14D54200F8D3AD /* XZUIManager.h */ = {isa = PBXFileReference; fileEncoding = 4; lastKnownFileType = sourcecode.c.h; path = XZUIManager.h; sourceTree = "<group>"; };
		95BC551E1F14D54200F8D3AD /* XZUIManager.m */ = {isa = PBXFileReference; fileEncoding = 4; lastKnownFileType = sourcecode.c.objc; path = XZUIManager.m; sourceTree = "<group>"; };
		95BC552A1F14EC1B00F8D3AD /* SQLServerManager.h */ = {isa = PBXFileReference; fileEncoding = 4; lastKnownFileType = sourcecode.c.h; path = SQLServerManager.h; sourceTree = "<group>"; };
		95BC552B1F14EC1B00F8D3AD /* SQLServerManager.m */ = {isa = PBXFileReference; fileEncoding = 4; lastKnownFileType = sourcecode.c.objc; path = SQLServerManager.m; sourceTree = "<group>"; };
		C04F30111F0E850300DCBC2B /* libsqlite3.0.tbd */ = {isa = PBXFileReference; lastKnownFileType = "sourcecode.text-based-dylib-definition"; name = libsqlite3.0.tbd; path = usr/lib/libsqlite3.0.tbd; sourceTree = SDKROOT; };
		C0A7AA2D1F0BC3A200ED1444 /* XZArcheryBook.app */ = {isa = PBXFileReference; explicitFileType = wrapper.application; includeInIndex = 0; path = XZArcheryBook.app; sourceTree = BUILT_PRODUCTS_DIR; };
		C0A7AA311F0BC3A200ED1444 /* main.m */ = {isa = PBXFileReference; lastKnownFileType = sourcecode.c.objc; path = main.m; sourceTree = "<group>"; };
		C0A7AA331F0BC3A200ED1444 /* AppDelegate.h */ = {isa = PBXFileReference; lastKnownFileType = sourcecode.c.h; path = AppDelegate.h; sourceTree = "<group>"; };
		C0A7AA341F0BC3A200ED1444 /* AppDelegate.m */ = {isa = PBXFileReference; lastKnownFileType = sourcecode.c.objc; path = AppDelegate.m; sourceTree = "<group>"; };
		C0A7AA361F0BC3A200ED1444 /* ViewController.h */ = {isa = PBXFileReference; lastKnownFileType = sourcecode.c.h; path = ViewController.h; sourceTree = "<group>"; };
		C0A7AA371F0BC3A200ED1444 /* ViewController.m */ = {isa = PBXFileReference; lastKnownFileType = sourcecode.c.objc; path = ViewController.m; sourceTree = "<group>"; };
		C0A7AA3A1F0BC3A200ED1444 /* Base */ = {isa = PBXFileReference; lastKnownFileType = file.storyboard; name = Base; path = Base.lproj/Main.storyboard; sourceTree = "<group>"; };
		C0A7AA3C1F0BC3A200ED1444 /* Assets.xcassets */ = {isa = PBXFileReference; lastKnownFileType = folder.assetcatalog; path = Assets.xcassets; sourceTree = "<group>"; };
		C0A7AA3F1F0BC3A200ED1444 /* Base */ = {isa = PBXFileReference; lastKnownFileType = file.storyboard; name = Base; path = Base.lproj/LaunchScreen.storyboard; sourceTree = "<group>"; };
		C0A7AA411F0BC3A200ED1444 /* Info.plist */ = {isa = PBXFileReference; lastKnownFileType = text.plist.xml; path = Info.plist; sourceTree = "<group>"; };
		C0A7AA461F0BC3A200ED1444 /* XZArcheryBookTests.xctest */ = {isa = PBXFileReference; explicitFileType = wrapper.cfbundle; includeInIndex = 0; path = XZArcheryBookTests.xctest; sourceTree = BUILT_PRODUCTS_DIR; };
		C0A7AA4A1F0BC3A200ED1444 /* XZArcheryBookTests.m */ = {isa = PBXFileReference; lastKnownFileType = sourcecode.c.objc; path = XZArcheryBookTests.m; sourceTree = "<group>"; };
		C0A7AA4C1F0BC3A200ED1444 /* Info.plist */ = {isa = PBXFileReference; lastKnownFileType = text.plist.xml; path = Info.plist; sourceTree = "<group>"; };
		C0A7AA511F0BC3A200ED1444 /* XZArcheryBookUITests.xctest */ = {isa = PBXFileReference; explicitFileType = wrapper.cfbundle; includeInIndex = 0; path = XZArcheryBookUITests.xctest; sourceTree = BUILT_PRODUCTS_DIR; };
		C0A7AA551F0BC3A200ED1444 /* XZArcheryBookUITests.m */ = {isa = PBXFileReference; lastKnownFileType = sourcecode.c.objc; path = XZArcheryBookUITests.m; sourceTree = "<group>"; };
		C0A7AA571F0BC3A200ED1444 /* Info.plist */ = {isa = PBXFileReference; lastKnownFileType = text.plist.xml; path = Info.plist; sourceTree = "<group>"; };
		C0A7AA631F0BC9C500ED1444 /* XZHomeVC.h */ = {isa = PBXFileReference; fileEncoding = 4; lastKnownFileType = sourcecode.c.h; path = XZHomeVC.h; sourceTree = "<group>"; };
		C0A7AA641F0BC9C500ED1444 /* XZHomeVC.m */ = {isa = PBXFileReference; fileEncoding = 4; lastKnownFileType = sourcecode.c.objc; path = XZHomeVC.m; sourceTree = "<group>"; };
		C0A7AA651F0BC9C500ED1444 /* XZHomeVC.xib */ = {isa = PBXFileReference; fileEncoding = 4; lastKnownFileType = file.xib; path = XZHomeVC.xib; sourceTree = "<group>"; };
		C0C3F39B1F0E797200820BB7 /* XZDateView.h */ = {isa = PBXFileReference; fileEncoding = 4; lastKnownFileType = sourcecode.c.h; path = XZDateView.h; sourceTree = "<group>"; };
		C0C3F39C1F0E797200820BB7 /* XZDateView.m */ = {isa = PBXFileReference; fileEncoding = 4; lastKnownFileType = sourcecode.c.objc; path = XZDateView.m; sourceTree = "<group>"; };
		C0C3F39D1F0E797200820BB7 /* XZDateView.xib */ = {isa = PBXFileReference; fileEncoding = 4; lastKnownFileType = file.xib; path = XZDateView.xib; sourceTree = "<group>"; };
		C0C3F39E1F0E797200820BB7 /* XZGroundNumView.h */ = {isa = PBXFileReference; fileEncoding = 4; lastKnownFileType = sourcecode.c.h; path = XZGroundNumView.h; sourceTree = "<group>"; };
		C0C3F39F1F0E797200820BB7 /* XZGroundNumView.m */ = {isa = PBXFileReference; fileEncoding = 4; lastKnownFileType = sourcecode.c.objc; path = XZGroundNumView.m; sourceTree = "<group>"; };
		C0C3F3A01F0E797200820BB7 /* XZGroundNumView.xib */ = {isa = PBXFileReference; fileEncoding = 4; lastKnownFileType = file.xib; path = XZGroundNumView.xib; sourceTree = "<group>"; };
		C0C3F3A11F0E797200820BB7 /* XZGroundView.h */ = {isa = PBXFileReference; fileEncoding = 4; lastKnownFileType = sourcecode.c.h; path = XZGroundView.h; sourceTree = "<group>"; };
		C0C3F3A21F0E797200820BB7 /* XZGroundView.m */ = {isa = PBXFileReference; fileEncoding = 4; lastKnownFileType = sourcecode.c.objc; path = XZGroundView.m; sourceTree = "<group>"; };
		C0C3F3A31F0E797200820BB7 /* XZGroundView.xib */ = {isa = PBXFileReference; fileEncoding = 4; lastKnownFileType = file.xib; path = XZGroundView.xib; sourceTree = "<group>"; };
		C0C3F3A41F0E797200820BB7 /* XZGroupView.h */ = {isa = PBXFileReference; fileEncoding = 4; lastKnownFileType = sourcecode.c.h; path = XZGroupView.h; sourceTree = "<group>"; };
		C0C3F3A51F0E797200820BB7 /* XZGroupView.m */ = {isa = PBXFileReference; fileEncoding = 4; lastKnownFileType = sourcecode.c.objc; path = XZGroupView.m; sourceTree = "<group>"; };
		C0C3F3A61F0E797200820BB7 /* XZGroupView.xib */ = {isa = PBXFileReference; fileEncoding = 4; lastKnownFileType = file.xib; path = XZGroupView.xib; sourceTree = "<group>"; };
		C0C3F3A71F0E797200820BB7 /* XZHeaderView.h */ = {isa = PBXFileReference; fileEncoding = 4; lastKnownFileType = sourcecode.c.h; path = XZHeaderView.h; sourceTree = "<group>"; };
		C0C3F3A81F0E797200820BB7 /* XZHeaderView.m */ = {isa = PBXFileReference; fileEncoding = 4; lastKnownFileType = sourcecode.c.objc; path = XZHeaderView.m; sourceTree = "<group>"; };
		C0C3F3A91F0E797200820BB7 /* XZHeaderView.xib */ = {isa = PBXFileReference; fileEncoding = 4; lastKnownFileType = file.xib; path = XZHeaderView.xib; sourceTree = "<group>"; };
		C0C3F3AA1F0E797200820BB7 /* XZTrainNotes.h */ = {isa = PBXFileReference; fileEncoding = 4; lastKnownFileType = sourcecode.c.h; path = XZTrainNotes.h; sourceTree = "<group>"; };
		C0C3F3AB1F0E797200820BB7 /* XZTrainNotes.m */ = {isa = PBXFileReference; fileEncoding = 4; lastKnownFileType = sourcecode.c.objc; path = XZTrainNotes.m; sourceTree = "<group>"; };
		C0C3F3AC1F0E797200820BB7 /* XZTrainNotes.xib */ = {isa = PBXFileReference; fileEncoding = 4; lastKnownFileType = file.xib; path = XZTrainNotes.xib; sourceTree = "<group>"; };
		C0C3F3BA1F0E79C900820BB7 /* XZHomeView.h */ = {isa = PBXFileReference; fileEncoding = 4; lastKnownFileType = sourcecode.c.h; path = XZHomeView.h; sourceTree = "<group>"; };
		C0C3F3BB1F0E79C900820BB7 /* XZHomeView.m */ = {isa = PBXFileReference; fileEncoding = 4; lastKnownFileType = sourcecode.c.objc; path = XZHomeView.m; sourceTree = "<group>"; };
		C0C3F3BE1F0E825A00820BB7 /* XZArcheryModel.h */ = {isa = PBXFileReference; fileEncoding = 4; lastKnownFileType = sourcecode.c.h; path = XZArcheryModel.h; sourceTree = "<group>"; };
		C0C3F3BF1F0E825A00820BB7 /* XZArcheryModel.m */ = {isa = PBXFileReference; fileEncoding = 4; lastKnownFileType = sourcecode.c.objc; path = XZArcheryModel.m; sourceTree = "<group>"; };
		C0C3F3CB1F0E82BC00820BB7 /* NSData-SQLitePersistence.h */ = {isa = PBXFileReference; fileEncoding = 4; lastKnownFileType = sourcecode.c.h; path = "NSData-SQLitePersistence.h"; sourceTree = "<group>"; };
		C0C3F3CC1F0E82BC00820BB7 /* NSData-SQLitePersistence.m */ = {isa = PBXFileReference; fileEncoding = 4; lastKnownFileType = sourcecode.c.objc; path = "NSData-SQLitePersistence.m"; sourceTree = "<group>"; };
		C0C3F3CD1F0E82BC00820BB7 /* NSDate-SQLitePersistence.h */ = {isa = PBXFileReference; fileEncoding = 4; lastKnownFileType = sourcecode.c.h; path = "NSDate-SQLitePersistence.h"; sourceTree = "<group>"; };
		C0C3F3CE1F0E82BC00820BB7 /* NSDate-SQLitePersistence.m */ = {isa = PBXFileReference; fileEncoding = 4; lastKnownFileType = sourcecode.c.objc; path = "NSDate-SQLitePersistence.m"; sourceTree = "<group>"; };
		C0C3F3CF1F0E82BC00820BB7 /* NSMutableArray-MultipleSort.h */ = {isa = PBXFileReference; fileEncoding = 4; lastKnownFileType = sourcecode.c.h; path = "NSMutableArray-MultipleSort.h"; sourceTree = "<group>"; };
		C0C3F3D01F0E82BC00820BB7 /* NSMutableArray-MultipleSort.m */ = {isa = PBXFileReference; fileEncoding = 4; lastKnownFileType = sourcecode.c.objc; path = "NSMutableArray-MultipleSort.m"; sourceTree = "<group>"; };
		C0C3F3D11F0E82BC00820BB7 /* NSMutableData-SQLitePersistence.h */ = {isa = PBXFileReference; fileEncoding = 4; lastKnownFileType = sourcecode.c.h; path = "NSMutableData-SQLitePersistence.h"; sourceTree = "<group>"; };
		C0C3F3D21F0E82BC00820BB7 /* NSMutableData-SQLitePersistence.m */ = {isa = PBXFileReference; fileEncoding = 4; lastKnownFileType = sourcecode.c.objc; path = "NSMutableData-SQLitePersistence.m"; sourceTree = "<group>"; };
		C0C3F3D31F0E82BC00820BB7 /* NSNumber-SQLitePersistence.h */ = {isa = PBXFileReference; fileEncoding = 4; lastKnownFileType = sourcecode.c.h; path = "NSNumber-SQLitePersistence.h"; sourceTree = "<group>"; };
		C0C3F3D41F0E82BC00820BB7 /* NSNumber-SQLitePersistence.m */ = {isa = PBXFileReference; fileEncoding = 4; lastKnownFileType = sourcecode.c.objc; path = "NSNumber-SQLitePersistence.m"; sourceTree = "<group>"; };
		C0C3F3D51F0E82BC00820BB7 /* NSObject-ClassName.h */ = {isa = PBXFileReference; fileEncoding = 4; lastKnownFileType = sourcecode.c.h; path = "NSObject-ClassName.h"; sourceTree = "<group>"; };
		C0C3F3D61F0E82BC00820BB7 /* NSObject-ClassName.m */ = {isa = PBXFileReference; fileEncoding = 4; lastKnownFileType = sourcecode.c.objc; path = "NSObject-ClassName.m"; sourceTree = "<group>"; };
		C0C3F3D71F0E82BC00820BB7 /* NSObject-MissingKV.h */ = {isa = PBXFileReference; fileEncoding = 4; lastKnownFileType = sourcecode.c.h; path = "NSObject-MissingKV.h"; sourceTree = "<group>"; };
		C0C3F3D81F0E82BC00820BB7 /* NSObject-MissingKV.m */ = {isa = PBXFileReference; fileEncoding = 4; lastKnownFileType = sourcecode.c.objc; path = "NSObject-MissingKV.m"; sourceTree = "<group>"; };
		C0C3F3D91F0E82BC00820BB7 /* NSObject-SQLitePersistence.h */ = {isa = PBXFileReference; fileEncoding = 4; lastKnownFileType = sourcecode.c.h; path = "NSObject-SQLitePersistence.h"; sourceTree = "<group>"; };
		C0C3F3DA1F0E82BC00820BB7 /* NSObject-SQLitePersistence.m */ = {isa = PBXFileReference; fileEncoding = 4; lastKnownFileType = sourcecode.c.objc; path = "NSObject-SQLitePersistence.m"; sourceTree = "<group>"; };
		C0C3F3DB1F0E82BC00820BB7 /* NSString-NumberStuff.h */ = {isa = PBXFileReference; fileEncoding = 4; lastKnownFileType = sourcecode.c.h; path = "NSString-NumberStuff.h"; sourceTree = "<group>"; };
		C0C3F3DC1F0E82BC00820BB7 /* NSString-NumberStuff.m */ = {isa = PBXFileReference; fileEncoding = 4; lastKnownFileType = sourcecode.c.objc; path = "NSString-NumberStuff.m"; sourceTree = "<group>"; };
		C0C3F3DD1F0E82BC00820BB7 /* NSString-SQLiteColumnName.h */ = {isa = PBXFileReference; fileEncoding = 4; lastKnownFileType = sourcecode.c.h; path = "NSString-SQLiteColumnName.h"; sourceTree = "<group>"; };
		C0C3F3DE1F0E82BC00820BB7 /* NSString-SQLiteColumnName.m */ = {isa = PBXFileReference; fileEncoding = 4; lastKnownFileType = sourcecode.c.objc; path = "NSString-SQLiteColumnName.m"; sourceTree = "<group>"; };
		C0C3F3DF1F0E82BC00820BB7 /* NSString-SQLitePersistence.h */ = {isa = PBXFileReference; fileEncoding = 4; lastKnownFileType = sourcecode.c.h; path = "NSString-SQLitePersistence.h"; sourceTree = "<group>"; };
		C0C3F3E01F0E82BC00820BB7 /* NSString-SQLitePersistence.m */ = {isa = PBXFileReference; fileEncoding = 4; lastKnownFileType = sourcecode.c.objc; path = "NSString-SQLitePersistence.m"; sourceTree = "<group>"; };
		C0C3F3E11F0E82BC00820BB7 /* NSString-UppercaseFirst.h */ = {isa = PBXFileReference; fileEncoding = 4; lastKnownFileType = sourcecode.c.h; path = "NSString-UppercaseFirst.h"; sourceTree = "<group>"; };
		C0C3F3E21F0E82BC00820BB7 /* NSString-UppercaseFirst.m */ = {isa = PBXFileReference; fileEncoding = 4; lastKnownFileType = sourcecode.c.objc; path = "NSString-UppercaseFirst.m"; sourceTree = "<group>"; };
		C0C3F3E31F0E82BC00820BB7 /* SQLiteInstanceManager.h */ = {isa = PBXFileReference; fileEncoding = 4; lastKnownFileType = sourcecode.c.h; path = SQLiteInstanceManager.h; sourceTree = "<group>"; };
		C0C3F3E41F0E82BC00820BB7 /* SQLiteInstanceManager.m */ = {isa = PBXFileReference; fileEncoding = 4; lastKnownFileType = sourcecode.c.objc; path = SQLiteInstanceManager.m; sourceTree = "<group>"; };
		C0C3F3E51F0E82BC00820BB7 /* SQLitePersistentObject.h */ = {isa = PBXFileReference; fileEncoding = 4; lastKnownFileType = sourcecode.c.h; path = SQLitePersistentObject.h; sourceTree = "<group>"; };
		C0C3F3E61F0E82BC00820BB7 /* SQLitePersistentObject.m */ = {isa = PBXFileReference; fileEncoding = 4; lastKnownFileType = sourcecode.c.objc; path = SQLitePersistentObject.m; sourceTree = "<group>"; };
		C0C3F3E71F0E82BC00820BB7 /* UIColor-SQLitePersistentObject.h */ = {isa = PBXFileReference; fileEncoding = 4; lastKnownFileType = sourcecode.c.h; path = "UIColor-SQLitePersistentObject.h"; sourceTree = "<group>"; };
		C0C3F3E81F0E82BC00820BB7 /* UIColor-SQLitePersistentObject.m */ = {isa = PBXFileReference; fileEncoding = 4; lastKnownFileType = sourcecode.c.objc; path = "UIColor-SQLitePersistentObject.m"; sourceTree = "<group>"; };
		C0C3F3E91F0E82BC00820BB7 /* UIImage-SQLitePersistence.h */ = {isa = PBXFileReference; fileEncoding = 4; lastKnownFileType = sourcecode.c.h; path = "UIImage-SQLitePersistence.h"; sourceTree = "<group>"; };
		C0C3F3EA1F0E82BC00820BB7 /* UIImage-SQLitePersistence.m */ = {isa = PBXFileReference; fileEncoding = 4; lastKnownFileType = sourcecode.c.objc; path = "UIImage-SQLitePersistence.m"; sourceTree = "<group>"; };
		C0C3F4041F0E833000820BB7 /* UserDBManager.h */ = {isa = PBXFileReference; fileEncoding = 4; lastKnownFileType = sourcecode.c.h; path = UserDBManager.h; sourceTree = "<group>"; };
		C0C3F4051F0E833000820BB7 /* UserDBManager.m */ = {isa = PBXFileReference; fileEncoding = 4; lastKnownFileType = sourcecode.c.objc; path = UserDBManager.m; sourceTree = "<group>"; };
		C0C3F4061F0E833000820BB7 /* UserPersistentObject.h */ = {isa = PBXFileReference; fileEncoding = 4; lastKnownFileType = sourcecode.c.h; path = UserPersistentObject.h; sourceTree = "<group>"; };
		C0C3F4071F0E833000820BB7 /* UserPersistentObject.m */ = {isa = PBXFileReference; fileEncoding = 4; lastKnownFileType = sourcecode.c.objc; path = UserPersistentObject.m; sourceTree = "<group>"; };
		E407BD721F17945F00D38CB0 /* TargetViewHelper.swift */ = {isa = PBXFileReference; lastKnownFileType = sourcecode.swift; path = TargetViewHelper.swift; sourceTree = "<group>"; };
		E488533C1F1B3C3E00A32E16 /* ScoreLabelLayoutHelper.swift */ = {isa = PBXFileReference; lastKnownFileType = sourcecode.swift; path = ScoreLabelLayoutHelper.swift; sourceTree = "<group>"; };
		E4B5F5E51F14CA6100F6D752 /* TargetView.swift */ = {isa = PBXFileReference; fileEncoding = 4; lastKnownFileType = sourcecode.swift; path = TargetView.swift; sourceTree = "<group>"; };
		E4B5F5E91F14CC5D00F6D752 /* TargetViewController.swift */ = {isa = PBXFileReference; fileEncoding = 4; lastKnownFileType = sourcecode.swift; path = TargetViewController.swift; sourceTree = "<group>"; };
		E4B5F5EC1F14D22000F6D752 /* UIViewExtensions.swift */ = {isa = PBXFileReference; fileEncoding = 4; lastKnownFileType = sourcecode.swift; path = UIViewExtensions.swift; sourceTree = "<group>"; };
		E4BB3D8F1F19D9EA00574EEB /* ToolbarLayoutHelper.swift */ = {isa = PBXFileReference; lastKnownFileType = sourcecode.swift; path = ToolbarLayoutHelper.swift; sourceTree = "<group>"; };
		E4BB3D911F19F1BC00574EEB /* ScoreButtonLayoutHelper.swift */ = {isa = PBXFileReference; lastKnownFileType = sourcecode.swift; path = ScoreButtonLayoutHelper.swift; sourceTree = "<group>"; };
		E4DE025F1F1B551300E95154 /* Utilities.swift */ = {isa = PBXFileReference; lastKnownFileType = sourcecode.swift; path = Utilities.swift; sourceTree = "<group>"; };
		E4ECB1C41F0FC01900DD4B9C /* XZArcheryBook-Bridging-Header.h */ = {isa = PBXFileReference; lastKnownFileType = sourcecode.c.h; name = "XZArcheryBook-Bridging-Header.h"; path = "../XZArcheryBook-Bridging-Header.h"; sourceTree = "<group>"; };
		E4F6617A1F1A132100F50B90 /* TargetMark.swift */ = {isa = PBXFileReference; lastKnownFileType = sourcecode.swift; path = TargetMark.swift; sourceTree = "<group>"; };
		E4F6617C1F1A138200F50B90 /* TargetMarkPosition.swift */ = {isa = PBXFileReference; lastKnownFileType = sourcecode.swift; path = TargetMarkPosition.swift; sourceTree = "<group>"; };
		E4F6617E1F1A177D00F50B90 /* CoreGraphicsExtensions.swift */ = {isa = PBXFileReference; lastKnownFileType = sourcecode.swift; path = CoreGraphicsExtensions.swift; sourceTree = "<group>"; };
		EEA61FEC189F1C08E3D1DC0A /* Pods-XZArcheryBook.release.xcconfig */ = {isa = PBXFileReference; includeInIndex = 1; lastKnownFileType = text.xcconfig; name = "Pods-XZArcheryBook.release.xcconfig"; path = "Pods/Target Support Files/Pods-XZArcheryBook/Pods-XZArcheryBook.release.xcconfig"; sourceTree = "<group>"; };
/* End PBXFileReference section */

/* Begin PBXFrameworksBuildPhase section */
		C0A7AA2A1F0BC3A200ED1444 /* Frameworks */ = {
			isa = PBXFrameworksBuildPhase;
			buildActionMask = 2147483647;
			files = (
				C04F30121F0E850300DCBC2B /* libsqlite3.0.tbd in Frameworks */,
				F0C7435FCF9380A23E428AB6 /* libPods-XZArcheryBook.a in Frameworks */,
			);
			runOnlyForDeploymentPostprocessing = 0;
		};
		C0A7AA431F0BC3A200ED1444 /* Frameworks */ = {
			isa = PBXFrameworksBuildPhase;
			buildActionMask = 2147483647;
			files = (
			);
			runOnlyForDeploymentPostprocessing = 0;
		};
		C0A7AA4E1F0BC3A200ED1444 /* Frameworks */ = {
			isa = PBXFrameworksBuildPhase;
			buildActionMask = 2147483647;
			files = (
			);
			runOnlyForDeploymentPostprocessing = 0;
		};
/* End PBXFrameworksBuildPhase section */

/* Begin PBXGroup section */
		954C432A1F15BDF8005152D1 /* DBTable */ = {
			isa = PBXGroup;
			children = (
				954C43331F15BDF8005152D1 /* DBTableHeader.h */,
				954C432F1F15BDF8005152D1 /* ArcheryTable.h */,
				954C43301F15BDF8005152D1 /* ArcheryTable.m */,
				954C433C1F15BDF8005152D1 /* UserDBManager+ArcheryTable.h */,
				954C433D1F15BDF8005152D1 /* UserDBManager+ArcheryTable.m */,
				954C432B1F15BDF8005152D1 /* ArcheryDataTable.h */,
				954C432C1F15BDF8005152D1 /* ArcheryDataTable.m */,
				954C43381F15BDF8005152D1 /* UserDBManager+ArcheryDataTable.h */,
				954C43391F15BDF8005152D1 /* UserDBManager+ArcheryDataTable.m */,
				95B7260C1F170A8900A08F77 /* SaveDateTable.h */,
				95B7260D1F170A8900A08F77 /* SaveDateTable.m */,
				95B7260F1F170AAD00A08F77 /* UserDBManager+SaveDateTable.h */,
				95B726101F170AAD00A08F77 /* UserDBManager+SaveDateTable.m */,
				95B725F31F170A3800A08F77 /* PublicTable */,
			);
			path = DBTable;
			sourceTree = "<group>";
		};
		95B725F31F170A3800A08F77 /* PublicTable */ = {
			isa = PBXGroup;
			children = (
				95B725F41F170A3800A08F77 /* ArcheryGroupNumTable.h */,
				95B725F51F170A3800A08F77 /* ArcheryGroupNumTable.m */,
				95B725FC1F170A3800A08F77 /* UserDBManager+ArcheryGroupNumTable.h */,
				95B725FD1F170A3800A08F77 /* UserDBManager+ArcheryGroupNumTable.m */,
				95B725F61F170A3800A08F77 /* ArcheryTypeTable.h */,
				95B725F71F170A3800A08F77 /* ArcheryTypeTable.m */,
				95B725FE1F170A3800A08F77 /* UserDBManager+ArcheryTypeTable.h */,
				95B725FF1F170A3800A08F77 /* UserDBManager+ArcheryTypeTable.m */,
				95B725F81F170A3800A08F77 /* DistanceTable.h */,
				95B725F91F170A3800A08F77 /* DistanceTable.m */,
				95B726001F170A3800A08F77 /* UserDBManager+DistanceTable.h */,
				95B726011F170A3800A08F77 /* UserDBManager+DistanceTable.m */,
				95B725FA1F170A3800A08F77 /* LoopNumTable.h */,
				95B725FB1F170A3800A08F77 /* LoopNumTable.m */,
				95B726021F170A3800A08F77 /* UserDBManager+LoopNumTable.h */,
				95B726031F170A3800A08F77 /* UserDBManager+LoopNumTable.m */,
			);
			path = PublicTable;
			sourceTree = "<group>";
		};
		95BC54BB1F149FEE00F8D3AD /* Other */ = {
			isa = PBXGroup;
			children = (
				95BC54C61F14A04100F8D3AD /* View */,
				95BC54BC1F149FEE00F8D3AD /* Category */,
				95BC54E71F14B03400F8D3AD /* Model */,
				95BC54C11F149FEE00F8D3AD /* Tool */,
			);
			path = Other;
			sourceTree = "<group>";
		};
		95BC54BC1F149FEE00F8D3AD /* Category */ = {
			isa = PBXGroup;
			children = (
				95BC54BD1F149FEE00F8D3AD /* NSString+SQLPath.h */,
				95BC54BE1F149FEE00F8D3AD /* NSString+SQLPath.m */,
				95BC54BF1F149FEE00F8D3AD /* UIScreen+Extension.h */,
				95BC54C01F149FEE00F8D3AD /* UIScreen+Extension.m */,
				95BC54E11F14AB8C00F8D3AD /* UIImage+XZResize.h */,
				95BC54E21F14AB8C00F8D3AD /* UIImage+XZResize.m */,
				95BC54E31F14AB8C00F8D3AD /* UIImage+XZUtils.h */,
				95BC54E41F14AB8C00F8D3AD /* UIImage+XZUtils.m */,
			);
			path = Category;
			sourceTree = "<group>";
		};
		95BC54C11F149FEE00F8D3AD /* Tool */ = {
			isa = PBXGroup;
			children = (
				95BC54C31F149FEE00F8D3AD /* XZToolHeader.h */,
				95BC54D01F14A54600F8D3AD /* Singleton.h */,
				95BC54C21F149FEE00F8D3AD /* XZMacro.h */,
				95BC55131F14C71400F8D3AD /* HQStaticInlineFunctionConst.h */,
				954C43501F15C5CD005152D1 /* ToolsFunction.h */,
				954C43511F15C5CD005152D1 /* ToolsFunction.m */,
			);
			path = Tool;
			sourceTree = "<group>";
		};
		95BC54C61F14A04100F8D3AD /* View */ = {
			isa = PBXGroup;
			children = (
				95BC54DE1F14A85400F8D3AD /* XZCustomActionSheetView.h */,
				95BC54DF1F14A85400F8D3AD /* XZCustomActionSheetView.m */,
				95BC54C71F14A04E00F8D3AD /* XZCustomPickerView.h */,
				95BC54C81F14A04E00F8D3AD /* XZCustomPickerView.m */,
				95BC54C91F14A04E00F8D3AD /* XZCustomPickerView.xib */,
			);
			path = View;
			sourceTree = "<group>";
		};
		95BC54E71F14B03400F8D3AD /* Model */ = {
			isa = PBXGroup;
			children = (
				95BC54E81F14B03F00F8D3AD /* PickerViewObject.h */,
				95BC54E91F14B03F00F8D3AD /* PickerViewObject.m */,
			);
			path = Model;
			sourceTree = "<group>";
		};
		95BC55141F14D54200F8D3AD /* Manager */ = {
			isa = PBXGroup;
			children = (
				95BC551C1F14D54200F8D3AD /* UIManager */,
				95BC55291F14EC0B00F8D3AD /* ServerManager */,
				95BC55151F14D54200F8D3AD /* CustomManager */,
			);
			path = Manager;
			sourceTree = "<group>";
		};
		95BC55151F14D54200F8D3AD /* CustomManager */ = {
			isa = PBXGroup;
			children = (
				95BC55161F14D54200F8D3AD /* XZCusomViewModel.h */,
				95BC55171F14D54200F8D3AD /* XZCusomViewModel.m */,
				95BC55181F14D54200F8D3AD /* XZCustomViewManager.h */,
				95BC55191F14D54200F8D3AD /* XZCustomViewManager.m */,
				95BC551A1F14D54200F8D3AD /* XZCustomWindowManager.h */,
				95BC551B1F14D54200F8D3AD /* XZCustomWindowManager.m */,
			);
			path = CustomManager;
			sourceTree = "<group>";
		};
		95BC551C1F14D54200F8D3AD /* UIManager */ = {
			isa = PBXGroup;
			children = (
				95BC551D1F14D54200F8D3AD /* XZUIManager.h */,
				95BC551E1F14D54200F8D3AD /* XZUIManager.m */,
			);
			path = UIManager;
			sourceTree = "<group>";
		};
		95BC55291F14EC0B00F8D3AD /* ServerManager */ = {
			isa = PBXGroup;
			children = (
				95BC552A1F14EC1B00F8D3AD /* SQLServerManager.h */,
				95BC552B1F14EC1B00F8D3AD /* SQLServerManager.m */,
			);
			path = ServerManager;
			sourceTree = "<group>";
		};
		C09A727A90A1A733B94B0FDE /* Frameworks */ = {
			isa = PBXGroup;
			children = (
				C04F30111F0E850300DCBC2B /* libsqlite3.0.tbd */,
				6BC1630348BD2C9AE8E73AD5 /* libPods-XZArcheryBook.a */,
			);
			name = Frameworks;
			sourceTree = "<group>";
		};
		C0A7AA241F0BC3A200ED1444 = {
			isa = PBXGroup;
			children = (
				C0A7AA2F1F0BC3A200ED1444 /* XZArcheryBook */,
				C0A7AA491F0BC3A200ED1444 /* XZArcheryBookTests */,
				C0A7AA541F0BC3A200ED1444 /* XZArcheryBookUITests */,
				C0A7AA2E1F0BC3A200ED1444 /* Products */,
				C6C2A3B1F916B88C69189C87 /* Pods */,
				C09A727A90A1A733B94B0FDE /* Frameworks */,
			);
			sourceTree = "<group>";
		};
		C0A7AA2E1F0BC3A200ED1444 /* Products */ = {
			isa = PBXGroup;
			children = (
				C0A7AA2D1F0BC3A200ED1444 /* XZArcheryBook.app */,
				C0A7AA461F0BC3A200ED1444 /* XZArcheryBookTests.xctest */,
				C0A7AA511F0BC3A200ED1444 /* XZArcheryBookUITests.xctest */,
			);
			name = Products;
			sourceTree = "<group>";
		};
		C0A7AA2F1F0BC3A200ED1444 /* XZArcheryBook */ = {
			isa = PBXGroup;
			children = (
				E4B5F5E41F14CA4200F6D752 /* Swift */,
				E4ECB1C31F0FBFF200DD4B9C /* Controllers */,
				C0A7AA391F0BC3A200ED1444 /* Main.storyboard */,
				C0A7AA681F0BCC0600ED1444 /* View */,
				95BC55141F14D54200F8D3AD /* Manager */,
				C0C3F3BD1F0E822900820BB7 /* Model */,
				95BC54BB1F149FEE00F8D3AD /* Other */,
				C0C3F3C11F0E82BC00820BB7 /* Database */,
				C0A7AA3C1F0BC3A200ED1444 /* Assets.xcassets */,
				C0A7AA301F0BC3A200ED1444 /* Supporting Files */,
			);
			path = XZArcheryBook;
			sourceTree = "<group>";
		};
		C0A7AA301F0BC3A200ED1444 /* Supporting Files */ = {
			isa = PBXGroup;
			children = (
				C0A7AA331F0BC3A200ED1444 /* AppDelegate.h */,
				C0A7AA341F0BC3A200ED1444 /* AppDelegate.m */,
				C0A7AA3E1F0BC3A200ED1444 /* LaunchScreen.storyboard */,
				C0A7AA411F0BC3A200ED1444 /* Info.plist */,
				C0A7AA311F0BC3A200ED1444 /* main.m */,
				95BC54D11F14A5E100F8D3AD /* XZArchery-PrefixHeader.pch */,
			);
			name = "Supporting Files";
			sourceTree = "<group>";
		};
		C0A7AA491F0BC3A200ED1444 /* XZArcheryBookTests */ = {
			isa = PBXGroup;
			children = (
				C0A7AA4A1F0BC3A200ED1444 /* XZArcheryBookTests.m */,
				C0A7AA4C1F0BC3A200ED1444 /* Info.plist */,
			);
			path = XZArcheryBookTests;
			sourceTree = "<group>";
		};
		C0A7AA541F0BC3A200ED1444 /* XZArcheryBookUITests */ = {
			isa = PBXGroup;
			children = (
				C0A7AA551F0BC3A200ED1444 /* XZArcheryBookUITests.m */,
				C0A7AA571F0BC3A200ED1444 /* Info.plist */,
			);
			path = XZArcheryBookUITests;
			sourceTree = "<group>";
		};
		C0A7AA681F0BCC0600ED1444 /* View */ = {
			isa = PBXGroup;
			children = (
				C0C3F3B91F0E798400820BB7 /* MainView */,
				C0C3F39A1F0E797200820BB7 /* SubView */,
			);
			path = View;
			sourceTree = "<group>";
		};
		C0C3F39A1F0E797200820BB7 /* SubView */ = {
			isa = PBXGroup;
			children = (
				C0C3F3A71F0E797200820BB7 /* XZHeaderView.h */,
				C0C3F3A81F0E797200820BB7 /* XZHeaderView.m */,
				C0C3F3A91F0E797200820BB7 /* XZHeaderView.xib */,
				C0C3F3AA1F0E797200820BB7 /* XZTrainNotes.h */,
				C0C3F3AB1F0E797200820BB7 /* XZTrainNotes.m */,
				C0C3F3AC1F0E797200820BB7 /* XZTrainNotes.xib */,
				C0C3F39B1F0E797200820BB7 /* XZDateView.h */,
				C0C3F39C1F0E797200820BB7 /* XZDateView.m */,
				C0C3F39D1F0E797200820BB7 /* XZDateView.xib */,
				C0C3F3A41F0E797200820BB7 /* XZGroupView.h */,
				C0C3F3A51F0E797200820BB7 /* XZGroupView.m */,
				C0C3F3A61F0E797200820BB7 /* XZGroupView.xib */,
				C0C3F3A11F0E797200820BB7 /* XZGroundView.h */,
				C0C3F3A21F0E797200820BB7 /* XZGroundView.m */,
				C0C3F3A31F0E797200820BB7 /* XZGroundView.xib */,
				C0C3F39E1F0E797200820BB7 /* XZGroundNumView.h */,
				C0C3F39F1F0E797200820BB7 /* XZGroundNumView.m */,
				C0C3F3A01F0E797200820BB7 /* XZGroundNumView.xib */,
			);
			path = SubView;
			sourceTree = "<group>";
		};
		C0C3F3B91F0E798400820BB7 /* MainView */ = {
			isa = PBXGroup;
			children = (
				C0C3F3BA1F0E79C900820BB7 /* XZHomeView.h */,
				C0C3F3BB1F0E79C900820BB7 /* XZHomeView.m */,
				951203271F0F7154009F4E4C /* XZGroupDataView.h */,
				951203281F0F7154009F4E4C /* XZGroupDataView.m */,
				9512032A1F0F7169009F4E4C /* XZGroupDataView.xib */,
				9512032C1F0F7225009F4E4C /* XZGroundDataView.h */,
				9512032D1F0F7225009F4E4C /* XZGroundDataView.m */,
				9512032F1F0F723E009F4E4C /* XZGroundDataView.xib */,
			);
			path = MainView;
			sourceTree = "<group>";
		};
		C0C3F3BD1F0E822900820BB7 /* Model */ = {
			isa = PBXGroup;
			children = (
				C0C3F3BE1F0E825A00820BB7 /* XZArcheryModel.h */,
				C0C3F3BF1F0E825A00820BB7 /* XZArcheryModel.m */,
				954C432A1F15BDF8005152D1 /* DBTable */,
			);
			path = Model;
			sourceTree = "<group>";
		};
		C0C3F3C11F0E82BC00820BB7 /* Database */ = {
			isa = PBXGroup;
			children = (
				C0C3F4041F0E833000820BB7 /* UserDBManager.h */,
				C0C3F4051F0E833000820BB7 /* UserDBManager.m */,
				C0C3F4061F0E833000820BB7 /* UserPersistentObject.h */,
				C0C3F4071F0E833000820BB7 /* UserPersistentObject.m */,
				C0C3F3C91F0E82BC00820BB7 /* ThirdParty */,
			);
			path = Database;
			sourceTree = "<group>";
		};
		C0C3F3C91F0E82BC00820BB7 /* ThirdParty */ = {
			isa = PBXGroup;
			children = (
				C0C3F3CA1F0E82BC00820BB7 /* SQLitePersistentObjects */,
			);
			path = ThirdParty;
			sourceTree = "<group>";
		};
		C0C3F3CA1F0E82BC00820BB7 /* SQLitePersistentObjects */ = {
			isa = PBXGroup;
			children = (
				C0C3F3CB1F0E82BC00820BB7 /* NSData-SQLitePersistence.h */,
				C0C3F3CC1F0E82BC00820BB7 /* NSData-SQLitePersistence.m */,
				C0C3F3CD1F0E82BC00820BB7 /* NSDate-SQLitePersistence.h */,
				C0C3F3CE1F0E82BC00820BB7 /* NSDate-SQLitePersistence.m */,
				C0C3F3CF1F0E82BC00820BB7 /* NSMutableArray-MultipleSort.h */,
				C0C3F3D01F0E82BC00820BB7 /* NSMutableArray-MultipleSort.m */,
				C0C3F3D11F0E82BC00820BB7 /* NSMutableData-SQLitePersistence.h */,
				C0C3F3D21F0E82BC00820BB7 /* NSMutableData-SQLitePersistence.m */,
				C0C3F3D31F0E82BC00820BB7 /* NSNumber-SQLitePersistence.h */,
				C0C3F3D41F0E82BC00820BB7 /* NSNumber-SQLitePersistence.m */,
				C0C3F3D51F0E82BC00820BB7 /* NSObject-ClassName.h */,
				C0C3F3D61F0E82BC00820BB7 /* NSObject-ClassName.m */,
				C0C3F3D71F0E82BC00820BB7 /* NSObject-MissingKV.h */,
				C0C3F3D81F0E82BC00820BB7 /* NSObject-MissingKV.m */,
				C0C3F3D91F0E82BC00820BB7 /* NSObject-SQLitePersistence.h */,
				C0C3F3DA1F0E82BC00820BB7 /* NSObject-SQLitePersistence.m */,
				C0C3F3DB1F0E82BC00820BB7 /* NSString-NumberStuff.h */,
				C0C3F3DC1F0E82BC00820BB7 /* NSString-NumberStuff.m */,
				C0C3F3DD1F0E82BC00820BB7 /* NSString-SQLiteColumnName.h */,
				C0C3F3DE1F0E82BC00820BB7 /* NSString-SQLiteColumnName.m */,
				C0C3F3DF1F0E82BC00820BB7 /* NSString-SQLitePersistence.h */,
				C0C3F3E01F0E82BC00820BB7 /* NSString-SQLitePersistence.m */,
				C0C3F3E11F0E82BC00820BB7 /* NSString-UppercaseFirst.h */,
				C0C3F3E21F0E82BC00820BB7 /* NSString-UppercaseFirst.m */,
				C0C3F3E31F0E82BC00820BB7 /* SQLiteInstanceManager.h */,
				C0C3F3E41F0E82BC00820BB7 /* SQLiteInstanceManager.m */,
				C0C3F3E51F0E82BC00820BB7 /* SQLitePersistentObject.h */,
				C0C3F3E61F0E82BC00820BB7 /* SQLitePersistentObject.m */,
				C0C3F3E71F0E82BC00820BB7 /* UIColor-SQLitePersistentObject.h */,
				C0C3F3E81F0E82BC00820BB7 /* UIColor-SQLitePersistentObject.m */,
				C0C3F3E91F0E82BC00820BB7 /* UIImage-SQLitePersistence.h */,
				C0C3F3EA1F0E82BC00820BB7 /* UIImage-SQLitePersistence.m */,
			);
			path = SQLitePersistentObjects;
			sourceTree = "<group>";
		};
		C6C2A3B1F916B88C69189C87 /* Pods */ = {
			isa = PBXGroup;
			children = (
				085BFB28FC0445ACCC29F8F5 /* Pods-XZArcheryBook.debug.xcconfig */,
				EEA61FEC189F1C08E3D1DC0A /* Pods-XZArcheryBook.release.xcconfig */,
			);
			name = Pods;
			sourceTree = "<group>";
		};
		E407BD711F17942E00D38CB0 /* ViewHelpers */ = {
			isa = PBXGroup;
			children = (
				E407BD721F17945F00D38CB0 /* TargetViewHelper.swift */,
				E4BB3D8F1F19D9EA00574EEB /* ToolbarLayoutHelper.swift */,
				E4BB3D911F19F1BC00574EEB /* ScoreButtonLayoutHelper.swift */,
				E488533C1F1B3C3E00A32E16 /* ScoreLabelLayoutHelper.swift */,
			);
			path = ViewHelpers;
			sourceTree = "<group>";
		};
		E4B5F5E41F14CA4200F6D752 /* Swift */ = {
			isa = PBXGroup;
			children = (
				E4F661791F1A12AC00F50B90 /* Models */,
				E4B5F5EB1F14D21100F6D752 /* Utilities */,
				E407BD711F17942E00D38CB0 /* ViewHelpers */,
				E4B5F5E81F14CC0E00F6D752 /* Views */,
				E4B5F5E71F14CBFB00F6D752 /* Controllers */,
				E4ECB1C41F0FC01900DD4B9C /* XZArcheryBook-Bridging-Header.h */,
			);
			name = Swift;
			path = View;
			sourceTree = "<group>";
		};
		E4B5F5E71F14CBFB00F6D752 /* Controllers */ = {
			isa = PBXGroup;
			children = (
				E4B5F5E91F14CC5D00F6D752 /* TargetViewController.swift */,
			);
			name = Controllers;
			sourceTree = "<group>";
		};
		E4B5F5E81F14CC0E00F6D752 /* Views */ = {
			isa = PBXGroup;
			children = (
				E4B5F5E51F14CA6100F6D752 /* TargetView.swift */,
			);
			name = Views;
			sourceTree = "<group>";
		};
		E4B5F5EB1F14D21100F6D752 /* Utilities */ = {
			isa = PBXGroup;
			children = (
				E4B5F5EC1F14D22000F6D752 /* UIViewExtensions.swift */,
				E4F6617E1F1A177D00F50B90 /* CoreGraphicsExtensions.swift */,
				E4DE025F1F1B551300E95154 /* Utilities.swift */,
			);
			name = Utilities;
			sourceTree = "<group>";
		};
		E4ECB1C31F0FBFF200DD4B9C /* Controllers */ = {
			isa = PBXGroup;
			children = (
				C0A7AA631F0BC9C500ED1444 /* XZHomeVC.h */,
				C0A7AA641F0BC9C500ED1444 /* XZHomeVC.m */,
				C0A7AA651F0BC9C500ED1444 /* XZHomeVC.xib */,
				951203221F0F6E29009F4E4C /* XZGroupVC.h */,
				951203231F0F6E29009F4E4C /* XZGroupVC.m */,
				951203241F0F6E29009F4E4C /* XZGroupVC.xib */,
				C0A7AA361F0BC3A200ED1444 /* ViewController.h */,
				C0A7AA371F0BC3A200ED1444 /* ViewController.m */,
			);
			name = Controllers;
			sourceTree = "<group>";
		};
		E4F661791F1A12AC00F50B90 /* Models */ = {
			isa = PBXGroup;
			children = (
				E4F6617A1F1A132100F50B90 /* TargetMark.swift */,
				E4F6617C1F1A138200F50B90 /* TargetMarkPosition.swift */,
			);
			path = Models;
			sourceTree = "<group>";
		};
/* End PBXGroup section */

/* Begin PBXNativeTarget section */
		C0A7AA2C1F0BC3A200ED1444 /* XZArcheryBook */ = {
			isa = PBXNativeTarget;
			buildConfigurationList = C0A7AA5A1F0BC3A200ED1444 /* Build configuration list for PBXNativeTarget "XZArcheryBook" */;
			buildPhases = (
				4661A6A70E2778C0FA26209A /* [CP] Check Pods Manifest.lock */,
				C0A7AA291F0BC3A200ED1444 /* Sources */,
				C0A7AA2A1F0BC3A200ED1444 /* Frameworks */,
				C0A7AA2B1F0BC3A200ED1444 /* Resources */,
				F1A6B615171BA2ABC4C7C2D5 /* [CP] Embed Pods Frameworks */,
				35D846B1D97892158BB3C05A /* [CP] Copy Pods Resources */,
			);
			buildRules = (
			);
			dependencies = (
			);
			name = XZArcheryBook;
			productName = XZArcheryBook;
			productReference = C0A7AA2D1F0BC3A200ED1444 /* XZArcheryBook.app */;
			productType = "com.apple.product-type.application";
		};
		C0A7AA451F0BC3A200ED1444 /* XZArcheryBookTests */ = {
			isa = PBXNativeTarget;
			buildConfigurationList = C0A7AA5D1F0BC3A200ED1444 /* Build configuration list for PBXNativeTarget "XZArcheryBookTests" */;
			buildPhases = (
				C0A7AA421F0BC3A200ED1444 /* Sources */,
				C0A7AA431F0BC3A200ED1444 /* Frameworks */,
				C0A7AA441F0BC3A200ED1444 /* Resources */,
			);
			buildRules = (
			);
			dependencies = (
				C0A7AA481F0BC3A200ED1444 /* PBXTargetDependency */,
			);
			name = XZArcheryBookTests;
			productName = XZArcheryBookTests;
			productReference = C0A7AA461F0BC3A200ED1444 /* XZArcheryBookTests.xctest */;
			productType = "com.apple.product-type.bundle.unit-test";
		};
		C0A7AA501F0BC3A200ED1444 /* XZArcheryBookUITests */ = {
			isa = PBXNativeTarget;
			buildConfigurationList = C0A7AA601F0BC3A200ED1444 /* Build configuration list for PBXNativeTarget "XZArcheryBookUITests" */;
			buildPhases = (
				C0A7AA4D1F0BC3A200ED1444 /* Sources */,
				C0A7AA4E1F0BC3A200ED1444 /* Frameworks */,
				C0A7AA4F1F0BC3A200ED1444 /* Resources */,
			);
			buildRules = (
			);
			dependencies = (
				C0A7AA531F0BC3A200ED1444 /* PBXTargetDependency */,
			);
			name = XZArcheryBookUITests;
			productName = XZArcheryBookUITests;
			productReference = C0A7AA511F0BC3A200ED1444 /* XZArcheryBookUITests.xctest */;
			productType = "com.apple.product-type.bundle.ui-testing";
		};
/* End PBXNativeTarget section */

/* Begin PBXProject section */
		C0A7AA251F0BC3A200ED1444 /* Project object */ = {
			isa = PBXProject;
			attributes = {
				LastUpgradeCheck = 0830;
				ORGANIZATIONNAME = "祥子";
				TargetAttributes = {
					C0A7AA2C1F0BC3A200ED1444 = {
						CreatedOnToolsVersion = 8.3.3;
						DevelopmentTeam = U9AU2F93TN;
						LastSwiftMigration = 0830;
						ProvisioningStyle = Automatic;
					};
					C0A7AA451F0BC3A200ED1444 = {
						CreatedOnToolsVersion = 8.3.3;
						DevelopmentTeam = T76SE52533;
						ProvisioningStyle = Automatic;
						TestTargetID = C0A7AA2C1F0BC3A200ED1444;
					};
					C0A7AA501F0BC3A200ED1444 = {
						CreatedOnToolsVersion = 8.3.3;
						DevelopmentTeam = T76SE52533;
						ProvisioningStyle = Automatic;
						TestTargetID = C0A7AA2C1F0BC3A200ED1444;
					};
				};
			};
			buildConfigurationList = C0A7AA281F0BC3A200ED1444 /* Build configuration list for PBXProject "XZArcheryBook" */;
			compatibilityVersion = "Xcode 3.2";
			developmentRegion = English;
			hasScannedForEncodings = 0;
			knownRegions = (
				en,
				Base,
			);
			mainGroup = C0A7AA241F0BC3A200ED1444;
			productRefGroup = C0A7AA2E1F0BC3A200ED1444 /* Products */;
			projectDirPath = "";
			projectRoot = "";
			targets = (
				C0A7AA2C1F0BC3A200ED1444 /* XZArcheryBook */,
				C0A7AA451F0BC3A200ED1444 /* XZArcheryBookTests */,
				C0A7AA501F0BC3A200ED1444 /* XZArcheryBookUITests */,
			);
		};
/* End PBXProject section */

/* Begin PBXResourcesBuildPhase section */
		C0A7AA2B1F0BC3A200ED1444 /* Resources */ = {
			isa = PBXResourcesBuildPhase;
			buildActionMask = 2147483647;
			files = (
				C0A7AA401F0BC3A200ED1444 /* LaunchScreen.storyboard in Resources */,
				C0A7AA671F0BC9C500ED1444 /* XZHomeVC.xib in Resources */,
				C0C3F3B61F0E797200820BB7 /* XZHeaderView.xib in Resources */,
				C0C3F3B41F0E797200820BB7 /* XZGroupView.xib in Resources */,
				95BC54CB1F14A04E00F8D3AD /* XZCustomPickerView.xib in Resources */,
				9512032B1F0F7169009F4E4C /* XZGroupDataView.xib in Resources */,
				C0A7AA3D1F0BC3A200ED1444 /* Assets.xcassets in Resources */,
				951203261F0F6E29009F4E4C /* XZGroupVC.xib in Resources */,
				C0A7AA3B1F0BC3A200ED1444 /* Main.storyboard in Resources */,
				C0C3F3B01F0E797200820BB7 /* XZGroundNumView.xib in Resources */,
				951203301F0F723E009F4E4C /* XZGroundDataView.xib in Resources */,
				C0C3F3AE1F0E797200820BB7 /* XZDateView.xib in Resources */,
				C0C3F3B81F0E797200820BB7 /* XZTrainNotes.xib in Resources */,
				C0C3F3B21F0E797200820BB7 /* XZGroundView.xib in Resources */,
			);
			runOnlyForDeploymentPostprocessing = 0;
		};
		C0A7AA441F0BC3A200ED1444 /* Resources */ = {
			isa = PBXResourcesBuildPhase;
			buildActionMask = 2147483647;
			files = (
			);
			runOnlyForDeploymentPostprocessing = 0;
		};
		C0A7AA4F1F0BC3A200ED1444 /* Resources */ = {
			isa = PBXResourcesBuildPhase;
			buildActionMask = 2147483647;
			files = (
			);
			runOnlyForDeploymentPostprocessing = 0;
		};
/* End PBXResourcesBuildPhase section */

/* Begin PBXShellScriptBuildPhase section */
		35D846B1D97892158BB3C05A /* [CP] Copy Pods Resources */ = {
			isa = PBXShellScriptBuildPhase;
			buildActionMask = 2147483647;
			files = (
			);
			inputPaths = (
			);
			name = "[CP] Copy Pods Resources";
			outputPaths = (
			);
			runOnlyForDeploymentPostprocessing = 0;
			shellPath = /bin/sh;
			shellScript = "\"${SRCROOT}/Pods/Target Support Files/Pods-XZArcheryBook/Pods-XZArcheryBook-resources.sh\"\n";
			showEnvVarsInLog = 0;
		};
		4661A6A70E2778C0FA26209A /* [CP] Check Pods Manifest.lock */ = {
			isa = PBXShellScriptBuildPhase;
			buildActionMask = 2147483647;
			files = (
			);
			inputPaths = (
			);
			name = "[CP] Check Pods Manifest.lock";
			outputPaths = (
			);
			runOnlyForDeploymentPostprocessing = 0;
			shellPath = /bin/sh;
			shellScript = "diff \"${PODS_PODFILE_DIR_PATH}/Podfile.lock\" \"${PODS_ROOT}/Manifest.lock\" > /dev/null\nif [ $? != 0 ] ; then\n    # print error to STDERR\n    echo \"error: The sandbox is not in sync with the Podfile.lock. Run 'pod install' or update your CocoaPods installation.\" >&2\n    exit 1\nfi\n";
			showEnvVarsInLog = 0;
		};
		F1A6B615171BA2ABC4C7C2D5 /* [CP] Embed Pods Frameworks */ = {
			isa = PBXShellScriptBuildPhase;
			buildActionMask = 2147483647;
			files = (
			);
			inputPaths = (
			);
			name = "[CP] Embed Pods Frameworks";
			outputPaths = (
			);
			runOnlyForDeploymentPostprocessing = 0;
			shellPath = /bin/sh;
			shellScript = "\"${SRCROOT}/Pods/Target Support Files/Pods-XZArcheryBook/Pods-XZArcheryBook-frameworks.sh\"\n";
			showEnvVarsInLog = 0;
		};
/* End PBXShellScriptBuildPhase section */

/* Begin PBXSourcesBuildPhase section */
		C0A7AA291F0BC3A200ED1444 /* Sources */ = {
			isa = PBXSourcesBuildPhase;
			buildActionMask = 2147483647;
			files = (
				C0C3F3BC1F0E79C900820BB7 /* XZHomeView.m in Sources */,
				C0C3F3B51F0E797200820BB7 /* XZHeaderView.m in Sources */,
				E4BB3D921F19F1BC00574EEB /* ScoreButtonLayoutHelper.swift in Sources */,
				95BC55221F14D54200F8D3AD /* XZUIManager.m in Sources */,
				C0A7AA381F0BC3A200ED1444 /* ViewController.m in Sources */,
				C0C3F4001F0E82BC00820BB7 /* UIColor-SQLitePersistentObject.m in Sources */,
				95BC54C41F149FEE00F8D3AD /* NSString+SQLPath.m in Sources */,
				951203291F0F7154009F4E4C /* XZGroupDataView.m in Sources */,
				C0C3F3FF1F0E82BC00820BB7 /* SQLitePersistentObject.m in Sources */,
				95B7260E1F170A8900A08F77 /* SaveDateTable.m in Sources */,
				9512032E1F0F7225009F4E4C /* XZGroundDataView.m in Sources */,
				95B726071F170A3800A08F77 /* LoopNumTable.m in Sources */,
				C0C3F3FE1F0E82BC00820BB7 /* SQLiteInstanceManager.m in Sources */,
				95BC54E01F14A85400F8D3AD /* XZCustomActionSheetView.m in Sources */,
				C0C3F3F21F0E82BC00820BB7 /* NSData-SQLitePersistence.m in Sources */,
				C0C3F3F61F0E82BC00820BB7 /* NSNumber-SQLitePersistence.m in Sources */,
				E4B5F5EA1F14CC5D00F6D752 /* TargetViewController.swift in Sources */,
				C0C3F3B71F0E797200820BB7 /* XZTrainNotes.m in Sources */,
				95BC54E61F14AB8C00F8D3AD /* UIImage+XZUtils.m in Sources */,
				C0C3F4081F0E833000820BB7 /* UserDBManager.m in Sources */,
				C0C3F3F71F0E82BC00820BB7 /* NSObject-ClassName.m in Sources */,
				95BC551F1F14D54200F8D3AD /* XZCusomViewModel.m in Sources */,
				954C43441F15BDF8005152D1 /* ArcheryDataTable.m in Sources */,
				E488533D1F1B3C3E00A32E16 /* ScoreLabelLayoutHelper.swift in Sources */,
				954C434A1F15BDF8005152D1 /* UserDBManager+ArcheryDataTable.m in Sources */,
				95B726051F170A3800A08F77 /* ArcheryTypeTable.m in Sources */,
				C0C3F4091F0E833000820BB7 /* UserPersistentObject.m in Sources */,
				E4F6617D1F1A138200F50B90 /* TargetMarkPosition.swift in Sources */,
				95B726041F170A3800A08F77 /* ArcheryGroupNumTable.m in Sources */,
				95BC55201F14D54200F8D3AD /* XZCustomViewManager.m in Sources */,
				954C434C1F15BDF8005152D1 /* UserDBManager+ArcheryTable.m in Sources */,
				C0C3F3AD1F0E797200820BB7 /* XZDateView.m in Sources */,
				95B726091F170A3800A08F77 /* UserDBManager+ArcheryTypeTable.m in Sources */,
				95B726081F170A3800A08F77 /* UserDBManager+ArcheryGroupNumTable.m in Sources */,
				C0C3F3FC1F0E82BC00820BB7 /* NSString-SQLitePersistence.m in Sources */,
				E4F6617B1F1A132100F50B90 /* TargetMark.swift in Sources */,
				E4DE02601F1B551300E95154 /* Utilities.swift in Sources */,
				E4F6617F1F1A177D00F50B90 /* CoreGraphicsExtensions.swift in Sources */,
				95BC55211F14D54200F8D3AD /* XZCustomWindowManager.m in Sources */,
				E4BB3D901F19D9EA00574EEB /* ToolbarLayoutHelper.swift in Sources */,
				C0C3F3FB1F0E82BC00820BB7 /* NSString-SQLiteColumnName.m in Sources */,
				95BC552C1F14EC1B00F8D3AD /* SQLServerManager.m in Sources */,
				C0C3F3B31F0E797200820BB7 /* XZGroupView.m in Sources */,
				C0C3F3AF1F0E797200820BB7 /* XZGroundNumView.m in Sources */,
				95B7260A1F170A3800A08F77 /* UserDBManager+DistanceTable.m in Sources */,
				C0C3F3F31F0E82BC00820BB7 /* NSDate-SQLitePersistence.m in Sources */,
				954C43521F15C5CD005152D1 /* ToolsFunction.m in Sources */,
				954C43461F15BDF8005152D1 /* ArcheryTable.m in Sources */,
				E4B5F5ED1F14D22000F6D752 /* UIViewExtensions.swift in Sources */,
				95B7260B1F170A3800A08F77 /* UserDBManager+LoopNumTable.m in Sources */,
				C0A7AA661F0BC9C500ED1444 /* XZHomeVC.m in Sources */,
				95B726061F170A3800A08F77 /* DistanceTable.m in Sources */,
				95BC54EA1F14B03F00F8D3AD /* PickerViewObject.m in Sources */,
				C0C3F3F91F0E82BC00820BB7 /* NSObject-SQLitePersistence.m in Sources */,
				C0C3F3F51F0E82BC00820BB7 /* NSMutableData-SQLitePersistence.m in Sources */,
				E4B5F5E61F14CA6100F6D752 /* TargetView.swift in Sources */,
				C0C3F3C01F0E825A00820BB7 /* XZArcheryModel.m in Sources */,
				951203251F0F6E29009F4E4C /* XZGroupVC.m in Sources */,
				C0C3F3FD1F0E82BC00820BB7 /* NSString-UppercaseFirst.m in Sources */,
				C0A7AA351F0BC3A200ED1444 /* AppDelegate.m in Sources */,
				C0A7AA321F0BC3A200ED1444 /* main.m in Sources */,
				95BC54CA1F14A04E00F8D3AD /* XZCustomPickerView.m in Sources */,
				95B726111F170AAD00A08F77 /* UserDBManager+SaveDateTable.m in Sources */,
				C0C3F3B11F0E797200820BB7 /* XZGroundView.m in Sources */,
				C0C3F3F41F0E82BC00820BB7 /* NSMutableArray-MultipleSort.m in Sources */,
				C0C3F3F81F0E82BC00820BB7 /* NSObject-MissingKV.m in Sources */,
				C0C3F4011F0E82BC00820BB7 /* UIImage-SQLitePersistence.m in Sources */,
				95BC54E51F14AB8C00F8D3AD /* UIImage+XZResize.m in Sources */,
				E407BD731F17945F00D38CB0 /* TargetViewHelper.swift in Sources */,
				C0C3F3FA1F0E82BC00820BB7 /* NSString-NumberStuff.m in Sources */,
				95BC54C51F149FEE00F8D3AD /* UIScreen+Extension.m in Sources */,
			);
			runOnlyForDeploymentPostprocessing = 0;
		};
		C0A7AA421F0BC3A200ED1444 /* Sources */ = {
			isa = PBXSourcesBuildPhase;
			buildActionMask = 2147483647;
			files = (
				C0A7AA4B1F0BC3A200ED1444 /* XZArcheryBookTests.m in Sources */,
			);
			runOnlyForDeploymentPostprocessing = 0;
		};
		C0A7AA4D1F0BC3A200ED1444 /* Sources */ = {
			isa = PBXSourcesBuildPhase;
			buildActionMask = 2147483647;
			files = (
				C0A7AA561F0BC3A200ED1444 /* XZArcheryBookUITests.m in Sources */,
			);
			runOnlyForDeploymentPostprocessing = 0;
		};
/* End PBXSourcesBuildPhase section */

/* Begin PBXTargetDependency section */
		C0A7AA481F0BC3A200ED1444 /* PBXTargetDependency */ = {
			isa = PBXTargetDependency;
			target = C0A7AA2C1F0BC3A200ED1444 /* XZArcheryBook */;
			targetProxy = C0A7AA471F0BC3A200ED1444 /* PBXContainerItemProxy */;
		};
		C0A7AA531F0BC3A200ED1444 /* PBXTargetDependency */ = {
			isa = PBXTargetDependency;
			target = C0A7AA2C1F0BC3A200ED1444 /* XZArcheryBook */;
			targetProxy = C0A7AA521F0BC3A200ED1444 /* PBXContainerItemProxy */;
		};
/* End PBXTargetDependency section */

/* Begin PBXVariantGroup section */
		C0A7AA391F0BC3A200ED1444 /* Main.storyboard */ = {
			isa = PBXVariantGroup;
			children = (
				C0A7AA3A1F0BC3A200ED1444 /* Base */,
			);
			name = Main.storyboard;
			sourceTree = "<group>";
		};
		C0A7AA3E1F0BC3A200ED1444 /* LaunchScreen.storyboard */ = {
			isa = PBXVariantGroup;
			children = (
				C0A7AA3F1F0BC3A200ED1444 /* Base */,
			);
			name = LaunchScreen.storyboard;
			sourceTree = "<group>";
		};
/* End PBXVariantGroup section */

/* Begin XCBuildConfiguration section */
		C0A7AA581F0BC3A200ED1444 /* Debug */ = {
			isa = XCBuildConfiguration;
			buildSettings = {
				ALWAYS_SEARCH_USER_PATHS = NO;
				CLANG_ANALYZER_NONNULL = YES;
				CLANG_ANALYZER_NUMBER_OBJECT_CONVERSION = YES_AGGRESSIVE;
				CLANG_CXX_LANGUAGE_STANDARD = "gnu++0x";
				CLANG_CXX_LIBRARY = "libc++";
				CLANG_ENABLE_MODULES = YES;
				CLANG_ENABLE_OBJC_ARC = YES;
				CLANG_WARN_BOOL_CONVERSION = YES;
				CLANG_WARN_CONSTANT_CONVERSION = YES;
				CLANG_WARN_DIRECT_OBJC_ISA_USAGE = YES_ERROR;
				CLANG_WARN_DOCUMENTATION_COMMENTS = YES;
				CLANG_WARN_EMPTY_BODY = YES;
				CLANG_WARN_ENUM_CONVERSION = YES;
				CLANG_WARN_INFINITE_RECURSION = YES;
				CLANG_WARN_INT_CONVERSION = YES;
				CLANG_WARN_OBJC_ROOT_CLASS = YES_ERROR;
				CLANG_WARN_SUSPICIOUS_MOVE = YES;
				CLANG_WARN_UNREACHABLE_CODE = YES;
				CLANG_WARN__DUPLICATE_METHOD_MATCH = YES;
				"CODE_SIGN_IDENTITY[sdk=iphoneos*]" = "iPhone Developer";
				COPY_PHASE_STRIP = NO;
				DEBUG_INFORMATION_FORMAT = dwarf;
				ENABLE_STRICT_OBJC_MSGSEND = YES;
				ENABLE_TESTABILITY = YES;
				GCC_C_LANGUAGE_STANDARD = gnu99;
				GCC_DYNAMIC_NO_PIC = NO;
				GCC_NO_COMMON_BLOCKS = YES;
				GCC_OPTIMIZATION_LEVEL = 0;
				GCC_PREPROCESSOR_DEFINITIONS = (
					"DEBUG=1",
					"$(inherited)",
				);
				GCC_WARN_64_TO_32_BIT_CONVERSION = YES;
				GCC_WARN_ABOUT_RETURN_TYPE = YES_ERROR;
				GCC_WARN_UNDECLARED_SELECTOR = YES;
				GCC_WARN_UNINITIALIZED_AUTOS = YES_AGGRESSIVE;
				GCC_WARN_UNUSED_FUNCTION = YES;
				GCC_WARN_UNUSED_VARIABLE = YES;
				IPHONEOS_DEPLOYMENT_TARGET = 8.0;
				MTL_ENABLE_DEBUG_INFO = YES;
				ONLY_ACTIVE_ARCH = YES;
				SDKROOT = iphoneos;
				TARGETED_DEVICE_FAMILY = "1,2";
			};
			name = Debug;
		};
		C0A7AA591F0BC3A200ED1444 /* Release */ = {
			isa = XCBuildConfiguration;
			buildSettings = {
				ALWAYS_SEARCH_USER_PATHS = NO;
				CLANG_ANALYZER_NONNULL = YES;
				CLANG_ANALYZER_NUMBER_OBJECT_CONVERSION = YES_AGGRESSIVE;
				CLANG_CXX_LANGUAGE_STANDARD = "gnu++0x";
				CLANG_CXX_LIBRARY = "libc++";
				CLANG_ENABLE_MODULES = YES;
				CLANG_ENABLE_OBJC_ARC = YES;
				CLANG_WARN_BOOL_CONVERSION = YES;
				CLANG_WARN_CONSTANT_CONVERSION = YES;
				CLANG_WARN_DIRECT_OBJC_ISA_USAGE = YES_ERROR;
				CLANG_WARN_DOCUMENTATION_COMMENTS = YES;
				CLANG_WARN_EMPTY_BODY = YES;
				CLANG_WARN_ENUM_CONVERSION = YES;
				CLANG_WARN_INFINITE_RECURSION = YES;
				CLANG_WARN_INT_CONVERSION = YES;
				CLANG_WARN_OBJC_ROOT_CLASS = YES_ERROR;
				CLANG_WARN_SUSPICIOUS_MOVE = YES;
				CLANG_WARN_UNREACHABLE_CODE = YES;
				CLANG_WARN__DUPLICATE_METHOD_MATCH = YES;
				"CODE_SIGN_IDENTITY[sdk=iphoneos*]" = "iPhone Developer";
				COPY_PHASE_STRIP = NO;
				DEBUG_INFORMATION_FORMAT = "dwarf-with-dsym";
				ENABLE_NS_ASSERTIONS = NO;
				ENABLE_STRICT_OBJC_MSGSEND = YES;
				GCC_C_LANGUAGE_STANDARD = gnu99;
				GCC_NO_COMMON_BLOCKS = YES;
				GCC_WARN_64_TO_32_BIT_CONVERSION = YES;
				GCC_WARN_ABOUT_RETURN_TYPE = YES_ERROR;
				GCC_WARN_UNDECLARED_SELECTOR = YES;
				GCC_WARN_UNINITIALIZED_AUTOS = YES_AGGRESSIVE;
				GCC_WARN_UNUSED_FUNCTION = YES;
				GCC_WARN_UNUSED_VARIABLE = YES;
				IPHONEOS_DEPLOYMENT_TARGET = 8.0;
				MTL_ENABLE_DEBUG_INFO = NO;
				SDKROOT = iphoneos;
				TARGETED_DEVICE_FAMILY = "1,2";
				VALIDATE_PRODUCT = YES;
			};
			name = Release;
		};
		C0A7AA5B1F0BC3A200ED1444 /* Debug */ = {
			isa = XCBuildConfiguration;
			baseConfigurationReference = 085BFB28FC0445ACCC29F8F5 /* Pods-XZArcheryBook.debug.xcconfig */;
			buildSettings = {
				ASSETCATALOG_COMPILER_APPICON_NAME = AppIcon;
				CLANG_ENABLE_MODULES = YES;
				DEVELOPMENT_TEAM = U9AU2F93TN;
				GCC_PREFIX_HEADER = "XZArcheryBook/XZArchery-PrefixHeader.pch";
				INFOPLIST_FILE = XZArcheryBook/Info.plist;
				IPHONEOS_DEPLOYMENT_TARGET = 8.0;
				LD_RUNPATH_SEARCH_PATHS = "$(inherited) @executable_path/Frameworks";
				PRODUCT_BUNDLE_IDENTIFIER = lwx.XZArcheryBook;
				PRODUCT_NAME = "$(TARGET_NAME)";
				SWIFT_OBJC_BRIDGING_HEADER = "XZArcheryBook/XZArcheryBook-Bridging-Header.h";
				SWIFT_OPTIMIZATION_LEVEL = "-Onone";
				SWIFT_VERSION = 3.0;
			};
			name = Debug;
		};
		C0A7AA5C1F0BC3A200ED1444 /* Release */ = {
			isa = XCBuildConfiguration;
			baseConfigurationReference = EEA61FEC189F1C08E3D1DC0A /* Pods-XZArcheryBook.release.xcconfig */;
			buildSettings = {
				ASSETCATALOG_COMPILER_APPICON_NAME = AppIcon;
				CLANG_ENABLE_MODULES = YES;
				DEVELOPMENT_TEAM = U9AU2F93TN;
				GCC_PREFIX_HEADER = "XZArcheryBook/XZArchery-PrefixHeader.pch";
				INFOPLIST_FILE = XZArcheryBook/Info.plist;
				IPHONEOS_DEPLOYMENT_TARGET = 8.0;
				LD_RUNPATH_SEARCH_PATHS = "$(inherited) @executable_path/Frameworks";
				PRODUCT_BUNDLE_IDENTIFIER = lwx.XZArcheryBook;
				PRODUCT_NAME = "$(TARGET_NAME)";
				SWIFT_OBJC_BRIDGING_HEADER = "XZArcheryBook/XZArcheryBook-Bridging-Header.h";
				SWIFT_VERSION = 3.0;
			};
			name = Release;
		};
		C0A7AA5E1F0BC3A200ED1444 /* Debug */ = {
			isa = XCBuildConfiguration;
			buildSettings = {
				ALWAYS_EMBED_SWIFT_STANDARD_LIBRARIES = YES;
				BUNDLE_LOADER = "$(TEST_HOST)";
				DEVELOPMENT_TEAM = T76SE52533;
				INFOPLIST_FILE = XZArcheryBookTests/Info.plist;
				LD_RUNPATH_SEARCH_PATHS = "$(inherited) @executable_path/Frameworks @loader_path/Frameworks";
				PRODUCT_BUNDLE_IDENTIFIER = lwx.XZArcheryBookTests;
				PRODUCT_NAME = "$(TARGET_NAME)";
				TEST_HOST = "$(BUILT_PRODUCTS_DIR)/XZArcheryBook.app/XZArcheryBook";
			};
			name = Debug;
		};
		C0A7AA5F1F0BC3A200ED1444 /* Release */ = {
			isa = XCBuildConfiguration;
			buildSettings = {
				ALWAYS_EMBED_SWIFT_STANDARD_LIBRARIES = YES;
				BUNDLE_LOADER = "$(TEST_HOST)";
				DEVELOPMENT_TEAM = T76SE52533;
				INFOPLIST_FILE = XZArcheryBookTests/Info.plist;
				LD_RUNPATH_SEARCH_PATHS = "$(inherited) @executable_path/Frameworks @loader_path/Frameworks";
				PRODUCT_BUNDLE_IDENTIFIER = lwx.XZArcheryBookTests;
				PRODUCT_NAME = "$(TARGET_NAME)";
				TEST_HOST = "$(BUILT_PRODUCTS_DIR)/XZArcheryBook.app/XZArcheryBook";
			};
			name = Release;
		};
		C0A7AA611F0BC3A200ED1444 /* Debug */ = {
			isa = XCBuildConfiguration;
			buildSettings = {
				ALWAYS_EMBED_SWIFT_STANDARD_LIBRARIES = YES;
				DEVELOPMENT_TEAM = T76SE52533;
				INFOPLIST_FILE = XZArcheryBookUITests/Info.plist;
				LD_RUNPATH_SEARCH_PATHS = "$(inherited) @executable_path/Frameworks @loader_path/Frameworks";
				PRODUCT_BUNDLE_IDENTIFIER = lwx.XZArcheryBookUITests;
				PRODUCT_NAME = "$(TARGET_NAME)";
				TEST_TARGET_NAME = XZArcheryBook;
			};
			name = Debug;
		};
		C0A7AA621F0BC3A200ED1444 /* Release */ = {
			isa = XCBuildConfiguration;
			buildSettings = {
				ALWAYS_EMBED_SWIFT_STANDARD_LIBRARIES = YES;
				DEVELOPMENT_TEAM = T76SE52533;
				INFOPLIST_FILE = XZArcheryBookUITests/Info.plist;
				LD_RUNPATH_SEARCH_PATHS = "$(inherited) @executable_path/Frameworks @loader_path/Frameworks";
				PRODUCT_BUNDLE_IDENTIFIER = lwx.XZArcheryBookUITests;
				PRODUCT_NAME = "$(TARGET_NAME)";
				TEST_TARGET_NAME = XZArcheryBook;
			};
			name = Release;
		};
/* End XCBuildConfiguration section */

/* Begin XCConfigurationList section */
		C0A7AA281F0BC3A200ED1444 /* Build configuration list for PBXProject "XZArcheryBook" */ = {
			isa = XCConfigurationList;
			buildConfigurations = (
				C0A7AA581F0BC3A200ED1444 /* Debug */,
				C0A7AA591F0BC3A200ED1444 /* Release */,
			);
			defaultConfigurationIsVisible = 0;
			defaultConfigurationName = Release;
		};
		C0A7AA5A1F0BC3A200ED1444 /* Build configuration list for PBXNativeTarget "XZArcheryBook" */ = {
			isa = XCConfigurationList;
			buildConfigurations = (
				C0A7AA5B1F0BC3A200ED1444 /* Debug */,
				C0A7AA5C1F0BC3A200ED1444 /* Release */,
			);
			defaultConfigurationIsVisible = 0;
			defaultConfigurationName = Release;
		};
		C0A7AA5D1F0BC3A200ED1444 /* Build configuration list for PBXNativeTarget "XZArcheryBookTests" */ = {
			isa = XCConfigurationList;
			buildConfigurations = (
				C0A7AA5E1F0BC3A200ED1444 /* Debug */,
				C0A7AA5F1F0BC3A200ED1444 /* Release */,
			);
			defaultConfigurationIsVisible = 0;
			defaultConfigurationName = Release;
		};
		C0A7AA601F0BC3A200ED1444 /* Build configuration list for PBXNativeTarget "XZArcheryBookUITests" */ = {
			isa = XCConfigurationList;
			buildConfigurations = (
				C0A7AA611F0BC3A200ED1444 /* Debug */,
				C0A7AA621F0BC3A200ED1444 /* Release */,
			);
			defaultConfigurationIsVisible = 0;
			defaultConfigurationName = Release;
		};
/* End XCConfigurationList section */
	};
	rootObject = C0A7AA251F0BC3A200ED1444 /* Project object */;
}
