// !$*UTF8*$!
{
	archiveVersion = 1;
	classes = {
	};
	objectVersion = 46;
	objects = {

/* Begin PBXBuildFile section */
		C0A7AA321F0BC3A200ED1444 /* main.m in Sources */ = {isa = PBXBuildFile; fileRef = C0A7AA311F0BC3A200ED1444 /* main.m */; };
		C0A7AA351F0BC3A200ED1444 /* AppDelegate.m in Sources */ = {isa = PBXBuildFile; fileRef = C0A7AA341F0BC3A200ED1444 /* AppDelegate.m */; };
		C0A7AA381F0BC3A200ED1444 /* ViewController.m in Sources */ = {isa = PBXBuildFile; fileRef = C0A7AA371F0BC3A200ED1444 /* ViewController.m */; };
		C0A7AA3B1F0BC3A200ED1444 /* Main.storyboard in Resources */ = {isa = PBXBuildFile; fileRef = C0A7AA391F0BC3A200ED1444 /* Main.storyboard */; };
		C0A7AA3D1F0BC3A200ED1444 /* Assets.xcassets in Resources */ = {isa = PBXBuildFile; fileRef = C0A7AA3C1F0BC3A200ED1444 /* Assets.xcassets */; };
		C0A7AA401F0BC3A200ED1444 /* LaunchScreen.storyboard in Resources */ = {isa = PBXBuildFile; fileRef = C0A7AA3E1F0BC3A200ED1444 /* LaunchScreen.storyboard */; };
		C0A7AA4B1F0BC3A200ED1444 /* XZArcheryBookTests.m in Sources */ = {isa = PBXBuildFile; fileRef = C0A7AA4A1F0BC3A200ED1444 /* XZArcheryBookTests.m */; };
		C0A7AA561F0BC3A200ED1444 /* XZArcheryBookUITests.m in Sources */ = {isa = PBXBuildFile; fileRef = C0A7AA551F0BC3A200ED1444 /* XZArcheryBookUITests.m */; };
/* End PBXBuildFile section */

/* Begin PBXContainerItemProxy section */
		C0A7AA471F0BC3A200ED1444 /* PBXContainerItemProxy */ = {
			isa = PBXContainerItemProxy;
			containerPortal = C0A7AA251F0BC3A200ED1444 /* Project object */;
			proxyType = 1;
			remoteGlobalIDString = C0A7AA2C1F0BC3A200ED1444;
			remoteInfo = XZArcheryBook;
		};
		C0A7AA521F0BC3A200ED1444 /* PBXContainerItemProxy */ = {
			isa = PBXContainerItemProxy;
			containerPortal = C0A7AA251F0BC3A200ED1444 /* Project object */;
			proxyType = 1;
			remoteGlobalIDString = C0A7AA2C1F0BC3A200ED1444;
			remoteInfo = XZArcheryBook;
		};
/* End PBXContainerItemProxy section */

/* Begin PBXFileReference section */
		C0A7AA2D1F0BC3A200ED1444 /* XZArcheryBook.app */ = {isa = PBXFileReference; explicitFileType = wrapper.application; includeInIndex = 0; path = XZArcheryBook.app; sourceTree = BUILT_PRODUCTS_DIR; };
		C0A7AA311F0BC3A200ED1444 /* main.m */ = {isa = PBXFileReference; lastKnownFileType = sourcecode.c.objc; path = main.m; sourceTree = "<group>"; };
		C0A7AA331F0BC3A200ED1444 /* AppDelegate.h */ = {isa = PBXFileReference; lastKnownFileType = sourcecode.c.h; path = AppDelegate.h; sourceTree = "<group>"; };
		C0A7AA341F0BC3A200ED1444 /* AppDelegate.m */ = {isa = PBXFileReference; lastKnownFileType = sourcecode.c.objc; path = AppDelegate.m; sourceTree = "<group>"; };
		C0A7AA361F0BC3A200ED1444 /* ViewController.h */ = {isa = PBXFileReference; lastKnownFileType = sourcecode.c.h; path = ViewController.h; sourceTree = "<group>"; };
		C0A7AA371F0BC3A200ED1444 /* ViewController.m */ = {isa = PBXFileReference; lastKnownFileType = sourcecode.c.objc; path = ViewController.m; sourceTree = "<group>"; };
		C0A7AA3A1F0BC3A200ED1444 /* Base */ = {isa = PBXFileReference; lastKnownFileType = file.storyboard; name = Base; path = Base.lproj/Main.storyboard; sourceTree = "<group>"; };
		C0A7AA3C1F0BC3A200ED1444 /* Assets.xcassets */ = {isa = PBXFileReference; lastKnownFileType = folder.assetcatalog; path = Assets.xcassets; sourceTree = "<group>"; };
		C0A7AA3F1F0BC3A200ED1444 /* Base */ = {isa = PBXFileReference; lastKnownFileType = file.storyboard; name = Base; path = Base.lproj/LaunchScreen.storyboard; sourceTree = "<group>"; };
		C0A7AA411F0BC3A200ED1444 /* Info.plist */ = {isa = PBXFileReference; lastKnownFileType = text.plist.xml; path = Info.plist; sourceTree = "<group>"; };
		C0A7AA461F0BC3A200ED1444 /* XZArcheryBookTests.xctest */ = {isa = PBXFileReference; explicitFileType = wrapper.cfbundle; includeInIndex = 0; path = XZArcheryBookTests.xctest; sourceTree = BUILT_PRODUCTS_DIR; };
		C0A7AA4A1F0BC3A200ED1444 /* XZArcheryBookTests.m */ = {isa = PBXFileReference; lastKnownFileType = sourcecode.c.objc; path = XZArcheryBookTests.m; sourceTree = "<group>"; };
		C0A7AA4C1F0BC3A200ED1444 /* Info.plist */ = {isa = PBXFileReference; lastKnownFileType = text.plist.xml; path = Info.plist; sourceTree = "<group>"; };
		C0A7AA511F0BC3A200ED1444 /* XZArcheryBookUITests.xctest */ = {isa = PBXFileReference; explicitFileType = wrapper.cfbundle; includeInIndex = 0; path = XZArcheryBookUITests.xctest; sourceTree = BUILT_PRODUCTS_DIR; };
		C0A7AA551F0BC3A200ED1444 /* XZArcheryBookUITests.m */ = {isa = PBXFileReference; lastKnownFileType = sourcecode.c.objc; path = XZArcheryBookUITests.m; sourceTree = "<group>"; };
		C0A7AA571F0BC3A200ED1444 /* Info.plist */ = {isa = PBXFileReference; lastKnownFileType = text.plist.xml; path = Info.plist; sourceTree = "<group>"; };
/* End PBXFileReference section */

/* Begin PBXFrameworksBuildPhase section */
		C0A7AA2A1F0BC3A200ED1444 /* Frameworks */ = {
			isa = PBXFrameworksBuildPhase;
			buildActionMask = 2147483647;
			files = (
			);
			runOnlyForDeploymentPostprocessing = 0;
		};
		C0A7AA431F0BC3A200ED1444 /* Frameworks */ = {
			isa = PBXFrameworksBuildPhase;
			buildActionMask = 2147483647;
			files = (
			);
			runOnlyForDeploymentPostprocessing = 0;
		};
		C0A7AA4E1F0BC3A200ED1444 /* Frameworks */ = {
			isa = PBXFrameworksBuildPhase;
			buildActionMask = 2147483647;
			files = (
			);
			runOnlyForDeploymentPostprocessing = 0;
		};
/* End PBXFrameworksBuildPhase section */

/* Begin PBXGroup section */
		C0A7AA241F0BC3A200ED1444 = {
			isa = PBXGroup;
			children = (
				C0A7AA2F1F0BC3A200ED1444 /* XZArcheryBook */,
				C0A7AA491F0BC3A200ED1444 /* XZArcheryBookTests */,
				C0A7AA541F0BC3A200ED1444 /* XZArcheryBookUITests */,
				C0A7AA2E1F0BC3A200ED1444 /* Products */,
			);
			sourceTree = "<group>";
		};
		C0A7AA2E1F0BC3A200ED1444 /* Products */ = {
			isa = PBXGroup;
			children = (
				C0A7AA2D1F0BC3A200ED1444 /* XZArcheryBook.app */,
				C0A7AA461F0BC3A200ED1444 /* XZArcheryBookTests.xctest */,
				C0A7AA511F0BC3A200ED1444 /* XZArcheryBookUITests.xctest */,
			);
			name = Products;
			sourceTree = "<group>";
		};
		C0A7AA2F1F0BC3A200ED1444 /* XZArcheryBook */ = {
			isa = PBXGroup;
			children = (
				C0A7AA331F0BC3A200ED1444 /* AppDelegate.h */,
				C0A7AA341F0BC3A200ED1444 /* AppDelegate.m */,
				C0A7AA361F0BC3A200ED1444 /* ViewController.h */,
				C0A7AA371F0BC3A200ED1444 /* ViewController.m */,
				C0A7AA391F0BC3A200ED1444 /* Main.storyboard */,
				C0A7AA3C1F0BC3A200ED1444 /* Assets.xcassets */,
				C0A7AA3E1F0BC3A200ED1444 /* LaunchScreen.storyboard */,
				C0A7AA411F0BC3A200ED1444 /* Info.plist */,
				C0A7AA301F0BC3A200ED1444 /* Supporting Files */,
			);
			path = XZArcheryBook;
			sourceTree = "<group>";
		};
		C0A7AA301F0BC3A200ED1444 /* Supporting Files */ = {
			isa = PBXGroup;
			children = (
				C0A7AA311F0BC3A200ED1444 /* main.m */,
			);
			name = "Supporting Files";
			sourceTree = "<group>";
		};
		C0A7AA491F0BC3A200ED1444 /* XZArcheryBookTests */ = {
			isa = PBXGroup;
			children = (
				C0A7AA4A1F0BC3A200ED1444 /* XZArcheryBookTests.m */,
				C0A7AA4C1F0BC3A200ED1444 /* Info.plist */,
			);
			path = XZArcheryBookTests;
			sourceTree = "<group>";
		};
		C0A7AA541F0BC3A200ED1444 /* XZArcheryBookUITests */ = {
			isa = PBXGroup;
			children = (
				C0A7AA551F0BC3A200ED1444 /* XZArcheryBookUITests.m */,
				C0A7AA571F0BC3A200ED1444 /* Info.plist */,
			);
			path = XZArcheryBookUITests;
			sourceTree = "<group>";
		};
/* End PBXGroup section */

/* Begin PBXNativeTarget section */
		C0A7AA2C1F0BC3A200ED1444 /* XZArcheryBook */ = {
			isa = PBXNativeTarget;
			buildConfigurationList = C0A7AA5A1F0BC3A200ED1444 /* Build configuration list for PBXNativeTarget "XZArcheryBook" */;
			buildPhases = (
				C0A7AA291F0BC3A200ED1444 /* Sources */,
				C0A7AA2A1F0BC3A200ED1444 /* Frameworks */,
				C0A7AA2B1F0BC3A200ED1444 /* Resources */,
			);
			buildRules = (
			);
			dependencies = (
			);
			name = XZArcheryBook;
			productName = XZArcheryBook;
			productReference = C0A7AA2D1F0BC3A200ED1444 /* XZArcheryBook.app */;
			productType = "com.apple.product-type.application";
		};
		C0A7AA451F0BC3A200ED1444 /* XZArcheryBookTests */ = {
			isa = PBXNativeTarget;
			buildConfigurationList = C0A7AA5D1F0BC3A200ED1444 /* Build configuration list for PBXNativeTarget "XZArcheryBookTests" */;
			buildPhases = (
				C0A7AA421F0BC3A200ED1444 /* Sources */,
				C0A7AA431F0BC3A200ED1444 /* Frameworks */,
				C0A7AA441F0BC3A200ED1444 /* Resources */,
			);
			buildRules = (
			);
			dependencies = (
				C0A7AA481F0BC3A200ED1444 /* PBXTargetDependency */,
			);
			name = XZArcheryBookTests;
			productName = XZArcheryBookTests;
			productReference = C0A7AA461F0BC3A200ED1444 /* XZArcheryBookTests.xctest */;
			productType = "com.apple.product-type.bundle.unit-test";
		};
		C0A7AA501F0BC3A200ED1444 /* XZArcheryBookUITests */ = {
			isa = PBXNativeTarget;
			buildConfigurationList = C0A7AA601F0BC3A200ED1444 /* Build configuration list for PBXNativeTarget "XZArcheryBookUITests" */;
			buildPhases = (
				C0A7AA4D1F0BC3A200ED1444 /* Sources */,
				C0A7AA4E1F0BC3A200ED1444 /* Frameworks */,
				C0A7AA4F1F0BC3A200ED1444 /* Resources */,
			);
			buildRules = (
			);
			dependencies = (
				C0A7AA531F0BC3A200ED1444 /* PBXTargetDependency */,
			);
			name = XZArcheryBookUITests;
			productName = XZArcheryBookUITests;
			productReference = C0A7AA511F0BC3A200ED1444 /* XZArcheryBookUITests.xctest */;
			productType = "com.apple.product-type.bundle.ui-testing";
		};
/* End PBXNativeTarget section */

/* Begin PBXProject section */
		C0A7AA251F0BC3A200ED1444 /* Project object */ = {
			isa = PBXProject;
			attributes = {
				LastUpgradeCheck = 0830;
				ORGANIZATIONNAME = "祥子";
				TargetAttributes = {
					C0A7AA2C1F0BC3A200ED1444 = {
						CreatedOnToolsVersion = 8.3.3;
						DevelopmentTeam = T76SE52533;
						ProvisioningStyle = Automatic;
					};
					C0A7AA451F0BC3A200ED1444 = {
						CreatedOnToolsVersion = 8.3.3;
						DevelopmentTeam = T76SE52533;
						ProvisioningStyle = Automatic;
						TestTargetID = C0A7AA2C1F0BC3A200ED1444;
					};
					C0A7AA501F0BC3A200ED1444 = {
						CreatedOnToolsVersion = 8.3.3;
						DevelopmentTeam = T76SE52533;
						ProvisioningStyle = Automatic;
						TestTargetID = C0A7AA2C1F0BC3A200ED1444;
					};
				};
			};
			buildConfigurationList = C0A7AA281F0BC3A200ED1444 /* Build configuration list for PBXProject "XZArcheryBook" */;
			compatibilityVersion = "Xcode 3.2";
			developmentRegion = English;
			hasScannedForEncodings = 0;
			knownRegions = (
				en,
				Base,
			);
			mainGroup = C0A7AA241F0BC3A200ED1444;
			productRefGroup = C0A7AA2E1F0BC3A200ED1444 /* Products */;
			projectDirPath = "";
			projectRoot = "";
			targets = (
				C0A7AA2C1F0BC3A200ED1444 /* XZArcheryBook */,
				C0A7AA451F0BC3A200ED1444 /* XZArcheryBookTests */,
				C0A7AA501F0BC3A200ED1444 /* XZArcheryBookUITests */,
			);
		};
/* End PBXProject section */

/* Begin PBXResourcesBuildPhase section */
		C0A7AA2B1F0BC3A200ED1444 /* Resources */ = {
			isa = PBXResourcesBuildPhase;
			buildActionMask = 2147483647;
			files = (
				C0A7AA401F0BC3A200ED1444 /* LaunchScreen.storyboard in Resources */,
				C0A7AA3D1F0BC3A200ED1444 /* Assets.xcassets in Resources */,
				C0A7AA3B1F0BC3A200ED1444 /* Main.storyboard in Resources */,
			);
			runOnlyForDeploymentPostprocessing = 0;
		};
		C0A7AA441F0BC3A200ED1444 /* Resources */ = {
			isa = PBXResourcesBuildPhase;
			buildActionMask = 2147483647;
			files = (
			);
			runOnlyForDeploymentPostprocessing = 0;
		};
		C0A7AA4F1F0BC3A200ED1444 /* Resources */ = {
			isa = PBXResourcesBuildPhase;
			buildActionMask = 2147483647;
			files = (
			);
			runOnlyForDeploymentPostprocessing = 0;
		};
/* End PBXResourcesBuildPhase section */

/* Begin PBXSourcesBuildPhase section */
		C0A7AA291F0BC3A200ED1444 /* Sources */ = {
			isa = PBXSourcesBuildPhase;
			buildActionMask = 2147483647;
			files = (
				C0A7AA381F0BC3A200ED1444 /* ViewController.m in Sources */,
				C0A7AA351F0BC3A200ED1444 /* AppDelegate.m in Sources */,
				C0A7AA321F0BC3A200ED1444 /* main.m in Sources */,
			);
			runOnlyForDeploymentPostprocessing = 0;
		};
		C0A7AA421F0BC3A200ED1444 /* Sources */ = {
			isa = PBXSourcesBuildPhase;
			buildActionMask = 2147483647;
			files = (
				C0A7AA4B1F0BC3A200ED1444 /* XZArcheryBookTests.m in Sources */,
			);
			runOnlyForDeploymentPostprocessing = 0;
		};
		C0A7AA4D1F0BC3A200ED1444 /* Sources */ = {
			isa = PBXSourcesBuildPhase;
			buildActionMask = 2147483647;
			files = (
				C0A7AA561F0BC3A200ED1444 /* XZArcheryBookUITests.m in Sources */,
			);
			runOnlyForDeploymentPostprocessing = 0;
		};
/* End PBXSourcesBuildPhase section */

/* Begin PBXTargetDependency section */
		C0A7AA481F0BC3A200ED1444 /* PBXTargetDependency */ = {
			isa = PBXTargetDependency;
			target = C0A7AA2C1F0BC3A200ED1444 /* XZArcheryBook */;
			targetProxy = C0A7AA471F0BC3A200ED1444 /* PBXContainerItemProxy */;
		};
		C0A7AA531F0BC3A200ED1444 /* PBXTargetDependency */ = {
			isa = PBXTargetDependency;
			target = C0A7AA2C1F0BC3A200ED1444 /* XZArcheryBook */;
			targetProxy = C0A7AA521F0BC3A200ED1444 /* PBXContainerItemProxy */;
		};
/* End PBXTargetDependency section */

/* Begin PBXVariantGroup section */
		C0A7AA391F0BC3A200ED1444 /* Main.storyboard */ = {
			isa = PBXVariantGroup;
			children = (
				C0A7AA3A1F0BC3A200ED1444 /* Base */,
			);
			name = Main.storyboard;
			sourceTree = "<group>";
		};
		C0A7AA3E1F0BC3A200ED1444 /* LaunchScreen.storyboard */ = {
			isa = PBXVariantGroup;
			children = (
				C0A7AA3F1F0BC3A200ED1444 /* Base */,
			);
			name = LaunchScreen.storyboard;
			sourceTree = "<group>";
		};
/* End PBXVariantGroup section */

/* Begin XCBuildConfiguration section */
		C0A7AA581F0BC3A200ED1444 /* Debug */ = {
			isa = XCBuildConfiguration;
			buildSettings = {
				ALWAYS_SEARCH_USER_PATHS = NO;
				CLANG_ANALYZER_NONNULL = YES;
				CLANG_ANALYZER_NUMBER_OBJECT_CONVERSION = YES_AGGRESSIVE;
				CLANG_CXX_LANGUAGE_STANDARD = "gnu++0x";
				CLANG_CXX_LIBRARY = "libc++";
				CLANG_ENABLE_MODULES = YES;
				CLANG_ENABLE_OBJC_ARC = YES;
				CLANG_WARN_BOOL_CONVERSION = YES;
				CLANG_WARN_CONSTANT_CONVERSION = YES;
				CLANG_WARN_DIRECT_OBJC_ISA_USAGE = YES_ERROR;
				CLANG_WARN_DOCUMENTATION_COMMENTS = YES;
				CLANG_WARN_EMPTY_BODY = YES;
				CLANG_WARN_ENUM_CONVERSION = YES;
				CLANG_WARN_INFINITE_RECURSION = YES;
				CLANG_WARN_INT_CONVERSION = YES;
				CLANG_WARN_OBJC_ROOT_CLASS = YES_ERROR;
				CLANG_WARN_SUSPICIOUS_MOVE = YES;
				CLANG_WARN_UNREACHABLE_CODE = YES;
				CLANG_WARN__DUPLICATE_METHOD_MATCH = YES;
				"CODE_SIGN_IDENTITY[sdk=iphoneos*]" = "iPhone Developer";
				COPY_PHASE_STRIP = NO;
				DEBUG_INFORMATION_FORMAT = dwarf;
				ENABLE_STRICT_OBJC_MSGSEND = YES;
				ENABLE_TESTABILITY = YES;
				GCC_C_LANGUAGE_STANDARD = gnu99;
				GCC_DYNAMIC_NO_PIC = NO;
				GCC_NO_COMMON_BLOCKS = YES;
				GCC_OPTIMIZATION_LEVEL = 0;
				GCC_PREPROCESSOR_DEFINITIONS = (
					"DEBUG=1",
					"$(inherited)",
				);
				GCC_WARN_64_TO_32_BIT_CONVERSION = YES;
				GCC_WARN_ABOUT_RETURN_TYPE = YES_ERROR;
				GCC_WARN_UNDECLARED_SELECTOR = YES;
				GCC_WARN_UNINITIALIZED_AUTOS = YES_AGGRESSIVE;
				GCC_WARN_UNUSED_FUNCTION = YES;
				GCC_WARN_UNUSED_VARIABLE = YES;
				IPHONEOS_DEPLOYMENT_TARGET = 10.3;
				MTL_ENABLE_DEBUG_INFO = YES;
				ONLY_ACTIVE_ARCH = YES;
				SDKROOT = iphoneos;
				TARGETED_DEVICE_FAMILY = "1,2";
			};
			name = Debug;
		};
		C0A7AA591F0BC3A200ED1444 /* Release */ = {
			isa = XCBuildConfiguration;
			buildSettings = {
				ALWAYS_SEARCH_USER_PATHS = NO;
				CLANG_ANALYZER_NONNULL = YES;
				CLANG_ANALYZER_NUMBER_OBJECT_CONVERSION = YES_AGGRESSIVE;
				CLANG_CXX_LANGUAGE_STANDARD = "gnu++0x";
				CLANG_CXX_LIBRARY = "libc++";
				CLANG_ENABLE_MODULES = YES;
				CLANG_ENABLE_OBJC_ARC = YES;
				CLANG_WARN_BOOL_CONVERSION = YES;
				CLANG_WARN_CONSTANT_CONVERSION = YES;
				CLANG_WARN_DIRECT_OBJC_ISA_USAGE = YES_ERROR;
				CLANG_WARN_DOCUMENTATION_COMMENTS = YES;
				CLANG_WARN_EMPTY_BODY = YES;
				CLANG_WARN_ENUM_CONVERSION = YES;
				CLANG_WARN_INFINITE_RECURSION = YES;
				CLANG_WARN_INT_CONVERSION = YES;
				CLANG_WARN_OBJC_ROOT_CLASS = YES_ERROR;
				CLANG_WARN_SUSPICIOUS_MOVE = YES;
				CLANG_WARN_UNREACHABLE_CODE = YES;
				CLANG_WARN__DUPLICATE_METHOD_MATCH = YES;
				"CODE_SIGN_IDENTITY[sdk=iphoneos*]" = "iPhone Developer";
				COPY_PHASE_STRIP = NO;
				DEBUG_INFORMATION_FORMAT = "dwarf-with-dsym";
				ENABLE_NS_ASSERTIONS = NO;
				ENABLE_STRICT_OBJC_MSGSEND = YES;
				GCC_C_LANGUAGE_STANDARD = gnu99;
				GCC_NO_COMMON_BLOCKS = YES;
				GCC_WARN_64_TO_32_BIT_CONVERSION = YES;
				GCC_WARN_ABOUT_RETURN_TYPE = YES_ERROR;
				GCC_WARN_UNDECLARED_SELECTOR = YES;
				GCC_WARN_UNINITIALIZED_AUTOS = YES_AGGRESSIVE;
				GCC_WARN_UNUSED_FUNCTION = YES;
				GCC_WARN_UNUSED_VARIABLE = YES;
				IPHONEOS_DEPLOYMENT_TARGET = 10.3;
				MTL_ENABLE_DEBUG_INFO = NO;
				SDKROOT = iphoneos;
				TARGETED_DEVICE_FAMILY = "1,2";
				VALIDATE_PRODUCT = YES;
			};
			name = Release;
		};
		C0A7AA5B1F0BC3A200ED1444 /* Debug */ = {
			isa = XCBuildConfiguration;
			buildSettings = {
				ASSETCATALOG_COMPILER_APPICON_NAME = AppIcon;
				DEVELOPMENT_TEAM = T76SE52533;
				INFOPLIST_FILE = XZArcheryBook/Info.plist;
				LD_RUNPATH_SEARCH_PATHS = "$(inherited) @executable_path/Frameworks";
				PRODUCT_BUNDLE_IDENTIFIER = lwx.XZArcheryBook;
				PRODUCT_NAME = "$(TARGET_NAME)";
			};
			name = Debug;
		};
		C0A7AA5C1F0BC3A200ED1444 /* Release */ = {
			isa = XCBuildConfiguration;
			buildSettings = {
				ASSETCATALOG_COMPILER_APPICON_NAME = AppIcon;
				DEVELOPMENT_TEAM = T76SE52533;
				INFOPLIST_FILE = XZArcheryBook/Info.plist;
				LD_RUNPATH_SEARCH_PATHS = "$(inherited) @executable_path/Frameworks";
				PRODUCT_BUNDLE_IDENTIFIER = lwx.XZArcheryBook;
				PRODUCT_NAME = "$(TARGET_NAME)";
			};
			name = Release;
		};
		C0A7AA5E1F0BC3A200ED1444 /* Debug */ = {
			isa = XCBuildConfiguration;
			buildSettings = {
				BUNDLE_LOADER = "$(TEST_HOST)";
				DEVELOPMENT_TEAM = T76SE52533;
				INFOPLIST_FILE = XZArcheryBookTests/Info.plist;
				LD_RUNPATH_SEARCH_PATHS = "$(inherited) @executable_path/Frameworks @loader_path/Frameworks";
				PRODUCT_BUNDLE_IDENTIFIER = lwx.XZArcheryBookTests;
				PRODUCT_NAME = "$(TARGET_NAME)";
				TEST_HOST = "$(BUILT_PRODUCTS_DIR)/XZArcheryBook.app/XZArcheryBook";
			};
			name = Debug;
		};
		C0A7AA5F1F0BC3A200ED1444 /* Release */ = {
			isa = XCBuildConfiguration;
			buildSettings = {
				BUNDLE_LOADER = "$(TEST_HOST)";
				DEVELOPMENT_TEAM = T76SE52533;
				INFOPLIST_FILE = XZArcheryBookTests/Info.plist;
				LD_RUNPATH_SEARCH_PATHS = "$(inherited) @executable_path/Frameworks @loader_path/Frameworks";
				PRODUCT_BUNDLE_IDENTIFIER = lwx.XZArcheryBookTests;
				PRODUCT_NAME = "$(TARGET_NAME)";
				TEST_HOST = "$(BUILT_PRODUCTS_DIR)/XZArcheryBook.app/XZArcheryBook";
			};
			name = Release;
		};
		C0A7AA611F0BC3A200ED1444 /* Debug */ = {
			isa = XCBuildConfiguration;
			buildSettings = {
				DEVELOPMENT_TEAM = T76SE52533;
				INFOPLIST_FILE = XZArcheryBookUITests/Info.plist;
				LD_RUNPATH_SEARCH_PATHS = "$(inherited) @executable_path/Frameworks @loader_path/Frameworks";
				PRODUCT_BUNDLE_IDENTIFIER = lwx.XZArcheryBookUITests;
				PRODUCT_NAME = "$(TARGET_NAME)";
				TEST_TARGET_NAME = XZArcheryBook;
			};
			name = Debug;
		};
		C0A7AA621F0BC3A200ED1444 /* Release */ = {
			isa = XCBuildConfiguration;
			buildSettings = {
				DEVELOPMENT_TEAM = T76SE52533;
				INFOPLIST_FILE = XZArcheryBookUITests/Info.plist;
				LD_RUNPATH_SEARCH_PATHS = "$(inherited) @executable_path/Frameworks @loader_path/Frameworks";
				PRODUCT_BUNDLE_IDENTIFIER = lwx.XZArcheryBookUITests;
				PRODUCT_NAME = "$(TARGET_NAME)";
				TEST_TARGET_NAME = XZArcheryBook;
			};
			name = Release;
		};
/* End XCBuildConfiguration section */

/* Begin XCConfigurationList section */
		C0A7AA281F0BC3A200ED1444 /* Build configuration list for PBXProject "XZArcheryBook" */ = {
			isa = XCConfigurationList;
			buildConfigurations = (
				C0A7AA581F0BC3A200ED1444 /* Debug */,
				C0A7AA591F0BC3A200ED1444 /* Release */,
			);
			defaultConfigurationIsVisible = 0;
			defaultConfigurationName = Release;
		};
		C0A7AA5A1F0BC3A200ED1444 /* Build configuration list for PBXNativeTarget "XZArcheryBook" */ = {
			isa = XCConfigurationList;
			buildConfigurations = (
				C0A7AA5B1F0BC3A200ED1444 /* Debug */,
				C0A7AA5C1F0BC3A200ED1444 /* Release */,
			);
			defaultConfigurationIsVisible = 0;
		};
		C0A7AA5D1F0BC3A200ED1444 /* Build configuration list for PBXNativeTarget "XZArcheryBookTests" */ = {
			isa = XCConfigurationList;
			buildConfigurations = (
				C0A7AA5E1F0BC3A200ED1444 /* Debug */,
				C0A7AA5F1F0BC3A200ED1444 /* Release */,
			);
			defaultConfigurationIsVisible = 0;
		};
		C0A7AA601F0BC3A200ED1444 /* Build configuration list for PBXNativeTarget "XZArcheryBookUITests" */ = {
			isa = XCConfigurationList;
			buildConfigurations = (
				C0A7AA611F0BC3A200ED1444 /* Debug */,
				C0A7AA621F0BC3A200ED1444 /* Release */,
			);
			defaultConfigurationIsVisible = 0;
		};
/* End XCConfigurationList section */
	};
	rootObject = C0A7AA251F0BC3A200ED1444 /* Project object */;
}
